// !$*UTF8*$!
{
	archiveVersion = 1;
	classes = {
	};
	objectVersion = 55;
	objects = {

/* Begin PBXBuildFile section */
		5C0D3E9FB5CFAF838C1C9062 /* Pods_FoodyBites_FoodyBitesUITests.framework in Frameworks */ = {isa = PBXBuildFile; fileRef = 17E7AEE143435C7DAE1F213D /* Pods_FoodyBites_FoodyBitesUITests.framework */; };
		60937190BC67640BD9F3C109 /* Pods_FoodyBites.framework in Frameworks */ = {isa = PBXBuildFile; fileRef = 6160F139CBF6022485D9476F /* Pods_FoodyBites.framework */; };
		B5D087330397635FD8D3E88A /* Pods_FoodyBitesTests.framework in Frameworks */ = {isa = PBXBuildFile; fileRef = 8E26FB1CC7D183594101751B /* Pods_FoodyBitesTests.framework */; };
		D83AE87828699E10002A69F9 /* NotificationTableViewCell.swift in Sources */ = {isa = PBXBuildFile; fileRef = D83AE87628699E10002A69F9 /* NotificationTableViewCell.swift */; };
		D83AE87928699E10002A69F9 /* NotificationTableViewCell.xib in Resources */ = {isa = PBXBuildFile; fileRef = D83AE87728699E10002A69F9 /* NotificationTableViewCell.xib */; };
		D83AE87F2869ADB0002A69F9 /* NotificationVC.swift in Sources */ = {isa = PBXBuildFile; fileRef = D83AE87E2869ADB0002A69F9 /* NotificationVC.swift */; };
		D83AE8812869ADBD002A69F9 /* HomeVC.swift in Sources */ = {isa = PBXBuildFile; fileRef = D83AE8802869ADBD002A69F9 /* HomeVC.swift */; };
		D83AE8852869AE3F002A69F9 /* FavouritesVC.swift in Sources */ = {isa = PBXBuildFile; fileRef = D83AE8842869AE3F002A69F9 /* FavouritesVC.swift */; };
		D85A23DB286F221F00850807 /* FollowerTableViewCell.swift in Sources */ = {isa = PBXBuildFile; fileRef = D85A23D9286F221E00850807 /* FollowerTableViewCell.swift */; };
		D85A23DC286F221F00850807 /* FollowerTableViewCell.xib in Resources */ = {isa = PBXBuildFile; fileRef = D85A23DA286F221E00850807 /* FollowerTableViewCell.xib */; };
		D85A23E0286F257300850807 /* FollowVC.swift in Sources */ = {isa = PBXBuildFile; fileRef = D85A23DF286F257300850807 /* FollowVC.swift */; };
		D85A23E2286F271700850807 /* Follow.storyboard in Resources */ = {isa = PBXBuildFile; fileRef = D85A23E1286F271700850807 /* Follow.storyboard */; };
		D85A23E4286F302300850807 /* Review_Filter.storyboard in Resources */ = {isa = PBXBuildFile; fileRef = D85A23E3286F302300850807 /* Review_Filter.storyboard */; };
		D85A23E7286F308700850807 /* ReviewVC.swift in Sources */ = {isa = PBXBuildFile; fileRef = D85A23E6286F308700850807 /* ReviewVC.swift */; };
		D8615A612865D5DE0067DD70 /* AppDelegate.swift in Sources */ = {isa = PBXBuildFile; fileRef = D8615A602865D5DE0067DD70 /* AppDelegate.swift */; };
		D8615A632865D5DE0067DD70 /* SceneDelegate.swift in Sources */ = {isa = PBXBuildFile; fileRef = D8615A622865D5DE0067DD70 /* SceneDelegate.swift */; };
		D8615A682865D5DE0067DD70 /* Main.storyboard in Resources */ = {isa = PBXBuildFile; fileRef = D8615A662865D5DE0067DD70 /* Main.storyboard */; };
		D8615A6A2865D5E00067DD70 /* Assets.xcassets in Resources */ = {isa = PBXBuildFile; fileRef = D8615A692865D5E00067DD70 /* Assets.xcassets */; };
		D8615A6D2865D5E00067DD70 /* LaunchScreen.storyboard in Resources */ = {isa = PBXBuildFile; fileRef = D8615A6B2865D5E00067DD70 /* LaunchScreen.storyboard */; };
		D8615A782865D5E00067DD70 /* FoodyBitesTests.swift in Sources */ = {isa = PBXBuildFile; fileRef = D8615A772865D5E00067DD70 /* FoodyBitesTests.swift */; };
		D8615A822865D5E00067DD70 /* FoodyBitesUITests.swift in Sources */ = {isa = PBXBuildFile; fileRef = D8615A812865D5E00067DD70 /* FoodyBitesUITests.swift */; };
		D8615A842865D5E00067DD70 /* FoodyBitesUITestsLaunchTests.swift in Sources */ = {isa = PBXBuildFile; fileRef = D8615A832865D5E00067DD70 /* FoodyBitesUITestsLaunchTests.swift */; };
		D8764EEE286C6D6000AAC92E /* FavouritesTableViewCell.swift in Sources */ = {isa = PBXBuildFile; fileRef = D8764EEC286C6D5F00AAC92E /* FavouritesTableViewCell.swift */; };
		D8764EEF286C6D6000AAC92E /* FavouritesTableViewCell.xib in Resources */ = {isa = PBXBuildFile; fileRef = D8764EED286C6D6000AAC92E /* FavouritesTableViewCell.xib */; };
		D89BA349287E9B0200D30681 /* TrendingRestaurantVC.swift in Sources */ = {isa = PBXBuildFile; fileRef = D89BA348287E9B0200D30681 /* TrendingRestaurantVC.swift */; };
		D89D7F7E28817F5E00B24D49 /* AppExtension.swift in Sources */ = {isa = PBXBuildFile; fileRef = D89D7F7D28817F5D00B24D49 /* AppExtension.swift */; };
		D89E5F372873FDC0000E613E /* MenuVC.swift in Sources */ = {isa = PBXBuildFile; fileRef = D89E5F362873FDC0000E613E /* MenuVC.swift */; };
		D89E5F3C28740016000E613E /* MenuCollectionViewCell.swift in Sources */ = {isa = PBXBuildFile; fileRef = D89E5F3B28740016000E613E /* MenuCollectionViewCell.swift */; };
		D89E5F3E28743430000E613E /* PreviewVC.swift in Sources */ = {isa = PBXBuildFile; fileRef = D89E5F3D28743430000E613E /* PreviewVC.swift */; };
		D89E5F4028743AB5000E613E /* CategoryVC.swift in Sources */ = {isa = PBXBuildFile; fileRef = D89E5F3F28743AB5000E613E /* CategoryVC.swift */; };
		D89E5F4528743C4D000E613E /* CategoryTableViewCell.swift in Sources */ = {isa = PBXBuildFile; fileRef = D89E5F4328743C4D000E613E /* CategoryTableViewCell.swift */; };
		D89E5F4628743C4D000E613E /* CategoryTableViewCell.xib in Resources */ = {isa = PBXBuildFile; fileRef = D89E5F4428743C4D000E613E /* CategoryTableViewCell.xib */; };
		D89EAB44287706CF00E9E6BC /* HomeDetailsVC.swift in Sources */ = {isa = PBXBuildFile; fileRef = D89EAB43287706CE00E9E6BC /* HomeDetailsVC.swift */; };
		D89EAB472877078700E9E6BC /* ImgTableViewCell.swift in Sources */ = {isa = PBXBuildFile; fileRef = D89EAB452877078700E9E6BC /* ImgTableViewCell.swift */; };
		D89EAB482877078700E9E6BC /* ImgTableViewCell.xib in Resources */ = {isa = PBXBuildFile; fileRef = D89EAB462877078700E9E6BC /* ImgTableViewCell.xib */; };
		D89EAB4B28770A8C00E9E6BC /* tblHomeDetailsCell.swift in Sources */ = {isa = PBXBuildFile; fileRef = D89EAB4928770A8B00E9E6BC /* tblHomeDetailsCell.swift */; };
		D89EAB4C28770A8C00E9E6BC /* tblHomeDetailsCell.xib in Resources */ = {isa = PBXBuildFile; fileRef = D89EAB4A28770A8B00E9E6BC /* tblHomeDetailsCell.xib */; };
		D89EAB4F28770F4900E9E6BC /* tblMenuCell.swift in Sources */ = {isa = PBXBuildFile; fileRef = D89EAB4D28770F4800E9E6BC /* tblMenuCell.swift */; };
		D89EAB5028770F4900E9E6BC /* tblMenuCell.xib in Resources */ = {isa = PBXBuildFile; fileRef = D89EAB4E28770F4800E9E6BC /* tblMenuCell.xib */; };
		D89EAB5328770FB500E9E6BC /* HomeMenuCollectionViewCell.swift in Sources */ = {isa = PBXBuildFile; fileRef = D89EAB5128770FB500E9E6BC /* HomeMenuCollectionViewCell.swift */; };
		D89EAB5428770FB500E9E6BC /* HomeMenuCollectionViewCell.xib in Resources */ = {isa = PBXBuildFile; fileRef = D89EAB5228770FB500E9E6BC /* HomeMenuCollectionViewCell.xib */; };
		D89F495628802032003DA4C6 /* FindFriendsVC.swift in Sources */ = {isa = PBXBuildFile; fileRef = D89F495528802032003DA4C6 /* FindFriendsVC.swift */; };
		D89F495928802355003DA4C6 /* tblFollowCell.swift in Sources */ = {isa = PBXBuildFile; fileRef = D89F495728802355003DA4C6 /* tblFollowCell.swift */; };
		D89F495A28802355003DA4C6 /* tblFollowCell.xib in Resources */ = {isa = PBXBuildFile; fileRef = D89F495828802355003DA4C6 /* tblFollowCell.xib */; };
		D89FAE5B2875948400D8447E /* ExploreTableViewCell.swift in Sources */ = {isa = PBXBuildFile; fileRef = D89FAE592875948400D8447E /* ExploreTableViewCell.swift */; };
		D89FAE5C2875948400D8447E /* ExploreTableViewCell.xib in Resources */ = {isa = PBXBuildFile; fileRef = D89FAE5A2875948400D8447E /* ExploreTableViewCell.xib */; };
		D89FAE5E28759D1600D8447E /* FilterVC.swift in Sources */ = {isa = PBXBuildFile; fileRef = D89FAE5D28759D1600D8447E /* FilterVC.swift */; };
		D89FAE602875A49A00D8447E /* FilterCollectionViewCell.swift in Sources */ = {isa = PBXBuildFile; fileRef = D89FAE5F2875A49A00D8447E /* FilterCollectionViewCell.swift */; };
		D8AEAB612869CF4E00875310 /* HomeOneTableViewCell.swift in Sources */ = {isa = PBXBuildFile; fileRef = D8AEAB5F2869CF4E00875310 /* HomeOneTableViewCell.swift */; };
		D8AEAB622869CF4E00875310 /* HomeOneTableViewCell.xib in Resources */ = {isa = PBXBuildFile; fileRef = D8AEAB602869CF4E00875310 /* HomeOneTableViewCell.xib */; };
		D8AEAB652869D23200875310 /* HomeSecondTableViewCell.swift in Sources */ = {isa = PBXBuildFile; fileRef = D8AEAB632869D23200875310 /* HomeSecondTableViewCell.swift */; };
		D8AEAB662869D23200875310 /* HomeSecondTableViewCell.xib in Resources */ = {isa = PBXBuildFile; fileRef = D8AEAB642869D23200875310 /* HomeSecondTableViewCell.xib */; };
		D8AEAB692869D25B00875310 /* HomeThirdTableViewCell.swift in Sources */ = {isa = PBXBuildFile; fileRef = D8AEAB672869D25B00875310 /* HomeThirdTableViewCell.swift */; };
		D8AEAB6A2869D25B00875310 /* HomeThirdTableViewCell.xib in Resources */ = {isa = PBXBuildFile; fileRef = D8AEAB682869D25B00875310 /* HomeThirdTableViewCell.xib */; };
		D8AEAB6D2869E43D00875310 /* HomeHeadingTableViewCell.swift in Sources */ = {isa = PBXBuildFile; fileRef = D8AEAB6B2869E43D00875310 /* HomeHeadingTableViewCell.swift */; };
		D8AEAB6E2869E43D00875310 /* HomeHeadingTableViewCell.xib in Resources */ = {isa = PBXBuildFile; fileRef = D8AEAB6C2869E43D00875310 /* HomeHeadingTableViewCell.xib */; };
		D8B46579286AE1DA0093A6A4 /* TabBarVC.swift in Sources */ = {isa = PBXBuildFile; fileRef = D8B46578286AE1DA0093A6A4 /* TabBarVC.swift */; };
		D8B4657D286AFB530093A6A4 /* HomeFirstCollectionViewCell.swift in Sources */ = {isa = PBXBuildFile; fileRef = D8B4657B286AFB530093A6A4 /* HomeFirstCollectionViewCell.swift */; };
		D8B4657E286AFB530093A6A4 /* HomeFirstCollectionViewCell.xib in Resources */ = {isa = PBXBuildFile; fileRef = D8B4657C286AFB530093A6A4 /* HomeFirstCollectionViewCell.xib */; };
		D8B46585286B02290093A6A4 /* HomeSecondCollectionViewCell.swift in Sources */ = {isa = PBXBuildFile; fileRef = D8B46583286B02290093A6A4 /* HomeSecondCollectionViewCell.swift */; };
		D8B46586286B02290093A6A4 /* HomeSecondCollectionViewCell.xib in Resources */ = {isa = PBXBuildFile; fileRef = D8B46584286B02290093A6A4 /* HomeSecondCollectionViewCell.xib */; };
		D8B46589286B0C580093A6A4 /* HomeThirdCollectionViewCell.swift in Sources */ = {isa = PBXBuildFile; fileRef = D8B46587286B0C580093A6A4 /* HomeThirdCollectionViewCell.swift */; };
		D8B4658A286B0C580093A6A4 /* HomeThirdCollectionViewCell.xib in Resources */ = {isa = PBXBuildFile; fileRef = D8B46588286B0C580093A6A4 /* HomeThirdCollectionViewCell.xib */; };
		D8B8B1CE286AD189006AE1B5 /* JosefinSans-Bold.ttf in Resources */ = {isa = PBXBuildFile; fileRef = D8B8B1C0286AD189006AE1B5 /* JosefinSans-Bold.ttf */; };
		D8B8B1CF286AD189006AE1B5 /* JosefinSans-SemiBold.ttf in Resources */ = {isa = PBXBuildFile; fileRef = D8B8B1C1286AD189006AE1B5 /* JosefinSans-SemiBold.ttf */; };
		D8B8B1D3286AD189006AE1B5 /* JosefinSans-Regular.ttf in Resources */ = {isa = PBXBuildFile; fileRef = D8B8B1C5286AD189006AE1B5 /* JosefinSans-Regular.ttf */; };
		D8B8B1D7286AD189006AE1B5 /* JosefinSans-Medium.ttf in Resources */ = {isa = PBXBuildFile; fileRef = D8B8B1C9286AD189006AE1B5 /* JosefinSans-Medium.ttf */; };
		D8B8B1DB286AD38D006AE1B5 /* LoginVC.swift in Sources */ = {isa = PBXBuildFile; fileRef = D8B8B1DA286AD38D006AE1B5 /* LoginVC.swift */; };
		D8B8B1DD286AD411006AE1B5 /* ForgotPasswordVC.swift in Sources */ = {isa = PBXBuildFile; fileRef = D8B8B1DC286AD410006AE1B5 /* ForgotPasswordVC.swift */; };
		D8B8B1DF286AD47E006AE1B5 /* RegisterVC.swift in Sources */ = {isa = PBXBuildFile; fileRef = D8B8B1DE286AD47E006AE1B5 /* RegisterVC.swift */; };
		D8B8B1E1286AD4D0006AE1B5 /* WelcomeVC.swift in Sources */ = {isa = PBXBuildFile; fileRef = D8B8B1E0286AD4D0006AE1B5 /* WelcomeVC.swift */; };
		D8B8B1E4286ADBB0006AE1B5 /* ProfileVC.swift in Sources */ = {isa = PBXBuildFile; fileRef = D8B8B1E3286ADBB0006AE1B5 /* ProfileVC.swift */; };
		D8C552D828746F7100027AD3 /* ExploreCategoryVC.swift in Sources */ = {isa = PBXBuildFile; fileRef = D8C552D728746F7100027AD3 /* ExploreCategoryVC.swift */; };
		D8C8FB922872B01F0048EE96 /* ReviewTableViewCell.swift in Sources */ = {isa = PBXBuildFile; fileRef = D8C8FB902872B01F0048EE96 /* ReviewTableViewCell.swift */; };
		D8C8FB932872B01F0048EE96 /* ReviewTableViewCell.xib in Resources */ = {isa = PBXBuildFile; fileRef = D8C8FB912872B01F0048EE96 /* ReviewTableViewCell.xib */; };
		D8C8FB952872C9D70048EE96 /* AddReviewVC.swift in Sources */ = {isa = PBXBuildFile; fileRef = D8C8FB942872C9D70048EE96 /* AddReviewVC.swift */; };
		D8C8FB982872CB060048EE96 /* AddReviewTableViewCell.swift in Sources */ = {isa = PBXBuildFile; fileRef = D8C8FB962872CB060048EE96 /* AddReviewTableViewCell.swift */; };
		D8C8FB992872CB060048EE96 /* AddReviewTableViewCell.xib in Resources */ = {isa = PBXBuildFile; fileRef = D8C8FB972872CB060048EE96 /* AddReviewTableViewCell.xib */; };
		D8C8FB9B2872D8080048EE96 /* Settings.storyboard in Resources */ = {isa = PBXBuildFile; fileRef = D8C8FB9A2872D8080048EE96 /* Settings.storyboard */; };
		D8C8FB9E2872D8630048EE96 /* SettingsVC.swift in Sources */ = {isa = PBXBuildFile; fileRef = D8C8FB9D2872D8630048EE96 /* SettingsVC.swift */; };
		D8C8FBA22872D8D30048EE96 /* SettingsTableViewCell.swift in Sources */ = {isa = PBXBuildFile; fileRef = D8C8FBA02872D8D30048EE96 /* SettingsTableViewCell.swift */; };
		D8C8FBA32872D8D30048EE96 /* SettingsTableViewCell.xib in Resources */ = {isa = PBXBuildFile; fileRef = D8C8FBA12872D8D30048EE96 /* SettingsTableViewCell.xib */; };
		D8C8FBA52872F6AA0048EE96 /* ChangePasswordVC.swift in Sources */ = {isa = PBXBuildFile; fileRef = D8C8FBA42872F6AA0048EE96 /* ChangePasswordVC.swift */; };
		D8F2CF10286D71A50082B5F4 /* Home.storyboard in Resources */ = {isa = PBXBuildFile; fileRef = D8F2CF0F286D71A50082B5F4 /* Home.storyboard */; };
		D8F2CF12286D87710082B5F4 /* Profile.storyboard in Resources */ = {isa = PBXBuildFile; fileRef = D8F2CF11286D87710082B5F4 /* Profile.storyboard */; };
		D8F2CF15286D88970082B5F4 /* EditProfileViewController.swift in Sources */ = {isa = PBXBuildFile; fileRef = D8F2CF14286D88970082B5F4 /* EditProfileViewController.swift */; };
		D8F2CF18286DCD180082B5F4 /* ChangeLanguageVC.swift in Sources */ = {isa = PBXBuildFile; fileRef = D8F2CF17286DCD180082B5F4 /* ChangeLanguageVC.swift */; };
		D8F2CF1C286DCDAF0082B5F4 /* LanguageTableViewCell.swift in Sources */ = {isa = PBXBuildFile; fileRef = D8F2CF1A286DCDAF0082B5F4 /* LanguageTableViewCell.swift */; };
		D8F2CF1D286DCDAF0082B5F4 /* LanguageTableViewCell.xib in Resources */ = {isa = PBXBuildFile; fileRef = D8F2CF1B286DCDAF0082B5F4 /* LanguageTableViewCell.xib */; };
/* End PBXBuildFile section */

/* Begin PBXContainerItemProxy section */
		D8615A742865D5E00067DD70 /* PBXContainerItemProxy */ = {
			isa = PBXContainerItemProxy;
			containerPortal = D8615A552865D5DD0067DD70 /* Project object */;
			proxyType = 1;
			remoteGlobalIDString = D8615A5C2865D5DD0067DD70;
			remoteInfo = FoodyBites;
		};
		D8615A7E2865D5E00067DD70 /* PBXContainerItemProxy */ = {
			isa = PBXContainerItemProxy;
			containerPortal = D8615A552865D5DD0067DD70 /* Project object */;
			proxyType = 1;
			remoteGlobalIDString = D8615A5C2865D5DD0067DD70;
			remoteInfo = FoodyBites;
		};
/* End PBXContainerItemProxy section */

/* Begin PBXFileReference section */
		17E7AEE143435C7DAE1F213D /* Pods_FoodyBites_FoodyBitesUITests.framework */ = {isa = PBXFileReference; explicitFileType = wrapper.framework; includeInIndex = 0; path = Pods_FoodyBites_FoodyBitesUITests.framework; sourceTree = BUILT_PRODUCTS_DIR; };
		234612F7103EF442876CADF7 /* Pods-FoodyBites-FoodyBitesUITests.release.xcconfig */ = {isa = PBXFileReference; includeInIndex = 1; lastKnownFileType = text.xcconfig; name = "Pods-FoodyBites-FoodyBitesUITests.release.xcconfig"; path = "Target Support Files/Pods-FoodyBites-FoodyBitesUITests/Pods-FoodyBites-FoodyBitesUITests.release.xcconfig"; sourceTree = "<group>"; };
		327874F4ABADB9859013E13F /* Pods-FoodyBites.release.xcconfig */ = {isa = PBXFileReference; includeInIndex = 1; lastKnownFileType = text.xcconfig; name = "Pods-FoodyBites.release.xcconfig"; path = "Target Support Files/Pods-FoodyBites/Pods-FoodyBites.release.xcconfig"; sourceTree = "<group>"; };
		549CB65332026B0E761B491E /* Pods-FoodyBites-FoodyBitesUITests.debug.xcconfig */ = {isa = PBXFileReference; includeInIndex = 1; lastKnownFileType = text.xcconfig; name = "Pods-FoodyBites-FoodyBitesUITests.debug.xcconfig"; path = "Target Support Files/Pods-FoodyBites-FoodyBitesUITests/Pods-FoodyBites-FoodyBitesUITests.debug.xcconfig"; sourceTree = "<group>"; };
		6160F139CBF6022485D9476F /* Pods_FoodyBites.framework */ = {isa = PBXFileReference; explicitFileType = wrapper.framework; includeInIndex = 0; path = Pods_FoodyBites.framework; sourceTree = BUILT_PRODUCTS_DIR; };
		6ADE323D12746258FC8372CC /* Pods-FoodyBites.debug.xcconfig */ = {isa = PBXFileReference; includeInIndex = 1; lastKnownFileType = text.xcconfig; name = "Pods-FoodyBites.debug.xcconfig"; path = "Target Support Files/Pods-FoodyBites/Pods-FoodyBites.debug.xcconfig"; sourceTree = "<group>"; };
		8DAD6C2C22C9912DA4166AC4 /* Pods-FoodyBitesTests.debug.xcconfig */ = {isa = PBXFileReference; includeInIndex = 1; lastKnownFileType = text.xcconfig; name = "Pods-FoodyBitesTests.debug.xcconfig"; path = "Target Support Files/Pods-FoodyBitesTests/Pods-FoodyBitesTests.debug.xcconfig"; sourceTree = "<group>"; };
		8E26FB1CC7D183594101751B /* Pods_FoodyBitesTests.framework */ = {isa = PBXFileReference; explicitFileType = wrapper.framework; includeInIndex = 0; path = Pods_FoodyBitesTests.framework; sourceTree = BUILT_PRODUCTS_DIR; };
		A41E0DEF157F319360CA61BE /* Pods-FoodyBitesTests.release.xcconfig */ = {isa = PBXFileReference; includeInIndex = 1; lastKnownFileType = text.xcconfig; name = "Pods-FoodyBitesTests.release.xcconfig"; path = "Target Support Files/Pods-FoodyBitesTests/Pods-FoodyBitesTests.release.xcconfig"; sourceTree = "<group>"; };
		D83AE87628699E10002A69F9 /* NotificationTableViewCell.swift */ = {isa = PBXFileReference; lastKnownFileType = sourcecode.swift; path = NotificationTableViewCell.swift; sourceTree = "<group>"; };
		D83AE87728699E10002A69F9 /* NotificationTableViewCell.xib */ = {isa = PBXFileReference; lastKnownFileType = file.xib; path = NotificationTableViewCell.xib; sourceTree = "<group>"; };
		D83AE87E2869ADB0002A69F9 /* NotificationVC.swift */ = {isa = PBXFileReference; lastKnownFileType = sourcecode.swift; path = NotificationVC.swift; sourceTree = "<group>"; };
		D83AE8802869ADBD002A69F9 /* HomeVC.swift */ = {isa = PBXFileReference; lastKnownFileType = sourcecode.swift; path = HomeVC.swift; sourceTree = "<group>"; };
		D83AE8842869AE3F002A69F9 /* FavouritesVC.swift */ = {isa = PBXFileReference; lastKnownFileType = sourcecode.swift; path = FavouritesVC.swift; sourceTree = "<group>"; };
		D85A23D9286F221E00850807 /* FollowerTableViewCell.swift */ = {isa = PBXFileReference; lastKnownFileType = sourcecode.swift; path = FollowerTableViewCell.swift; sourceTree = "<group>"; };
		D85A23DA286F221E00850807 /* FollowerTableViewCell.xib */ = {isa = PBXFileReference; lastKnownFileType = file.xib; path = FollowerTableViewCell.xib; sourceTree = "<group>"; };
		D85A23DF286F257300850807 /* FollowVC.swift */ = {isa = PBXFileReference; lastKnownFileType = sourcecode.swift; path = FollowVC.swift; sourceTree = "<group>"; };
		D85A23E1286F271700850807 /* Follow.storyboard */ = {isa = PBXFileReference; lastKnownFileType = file.storyboard; path = Follow.storyboard; sourceTree = "<group>"; };
		D85A23E3286F302300850807 /* Review_Filter.storyboard */ = {isa = PBXFileReference; lastKnownFileType = file.storyboard; path = Review_Filter.storyboard; sourceTree = "<group>"; };
		D85A23E6286F308700850807 /* ReviewVC.swift */ = {isa = PBXFileReference; lastKnownFileType = sourcecode.swift; path = ReviewVC.swift; sourceTree = "<group>"; };
		D8615A5D2865D5DD0067DD70 /* FoodyBites.app */ = {isa = PBXFileReference; explicitFileType = wrapper.application; includeInIndex = 0; path = FoodyBites.app; sourceTree = BUILT_PRODUCTS_DIR; };
		D8615A602865D5DE0067DD70 /* AppDelegate.swift */ = {isa = PBXFileReference; lastKnownFileType = sourcecode.swift; path = AppDelegate.swift; sourceTree = "<group>"; };
		D8615A622865D5DE0067DD70 /* SceneDelegate.swift */ = {isa = PBXFileReference; lastKnownFileType = sourcecode.swift; path = SceneDelegate.swift; sourceTree = "<group>"; };
		D8615A672865D5DE0067DD70 /* Base */ = {isa = PBXFileReference; lastKnownFileType = file.storyboard; name = Base; path = Base.lproj/Main.storyboard; sourceTree = "<group>"; };
		D8615A692865D5E00067DD70 /* Assets.xcassets */ = {isa = PBXFileReference; lastKnownFileType = folder.assetcatalog; path = Assets.xcassets; sourceTree = "<group>"; };
		D8615A6C2865D5E00067DD70 /* Base */ = {isa = PBXFileReference; lastKnownFileType = file.storyboard; name = Base; path = Base.lproj/LaunchScreen.storyboard; sourceTree = "<group>"; };
		D8615A6E2865D5E00067DD70 /* Info.plist */ = {isa = PBXFileReference; lastKnownFileType = text.plist.xml; path = Info.plist; sourceTree = "<group>"; };
		D8615A732865D5E00067DD70 /* FoodyBitesTests.xctest */ = {isa = PBXFileReference; explicitFileType = wrapper.cfbundle; includeInIndex = 0; path = FoodyBitesTests.xctest; sourceTree = BUILT_PRODUCTS_DIR; };
		D8615A772865D5E00067DD70 /* FoodyBitesTests.swift */ = {isa = PBXFileReference; lastKnownFileType = sourcecode.swift; path = FoodyBitesTests.swift; sourceTree = "<group>"; };
		D8615A7D2865D5E00067DD70 /* FoodyBitesUITests.xctest */ = {isa = PBXFileReference; explicitFileType = wrapper.cfbundle; includeInIndex = 0; path = FoodyBitesUITests.xctest; sourceTree = BUILT_PRODUCTS_DIR; };
		D8615A812865D5E00067DD70 /* FoodyBitesUITests.swift */ = {isa = PBXFileReference; lastKnownFileType = sourcecode.swift; path = FoodyBitesUITests.swift; sourceTree = "<group>"; };
		D8615A832865D5E00067DD70 /* FoodyBitesUITestsLaunchTests.swift */ = {isa = PBXFileReference; lastKnownFileType = sourcecode.swift; path = FoodyBitesUITestsLaunchTests.swift; sourceTree = "<group>"; };
		D8764EEC286C6D5F00AAC92E /* FavouritesTableViewCell.swift */ = {isa = PBXFileReference; lastKnownFileType = sourcecode.swift; path = FavouritesTableViewCell.swift; sourceTree = "<group>"; };
		D8764EED286C6D6000AAC92E /* FavouritesTableViewCell.xib */ = {isa = PBXFileReference; lastKnownFileType = file.xib; path = FavouritesTableViewCell.xib; sourceTree = "<group>"; };
		D89BA348287E9B0200D30681 /* TrendingRestaurantVC.swift */ = {isa = PBXFileReference; lastKnownFileType = sourcecode.swift; path = TrendingRestaurantVC.swift; sourceTree = "<group>"; };
		D89D7F7D28817F5D00B24D49 /* AppExtension.swift */ = {isa = PBXFileReference; lastKnownFileType = sourcecode.swift; path = AppExtension.swift; sourceTree = "<group>"; };
		D89E5F362873FDC0000E613E /* MenuVC.swift */ = {isa = PBXFileReference; lastKnownFileType = sourcecode.swift; path = MenuVC.swift; sourceTree = "<group>"; };
		D89E5F3B28740016000E613E /* MenuCollectionViewCell.swift */ = {isa = PBXFileReference; lastKnownFileType = sourcecode.swift; path = MenuCollectionViewCell.swift; sourceTree = "<group>"; };
		D89E5F3D28743430000E613E /* PreviewVC.swift */ = {isa = PBXFileReference; lastKnownFileType = sourcecode.swift; path = PreviewVC.swift; sourceTree = "<group>"; };
		D89E5F3F28743AB5000E613E /* CategoryVC.swift */ = {isa = PBXFileReference; lastKnownFileType = sourcecode.swift; name = CategoryVC.swift; path = "FoodyBites/View Controllers/Category/CategoryVC.swift"; sourceTree = SOURCE_ROOT; };
		D89E5F4328743C4D000E613E /* CategoryTableViewCell.swift */ = {isa = PBXFileReference; lastKnownFileType = sourcecode.swift; path = CategoryTableViewCell.swift; sourceTree = "<group>"; };
		D89E5F4428743C4D000E613E /* CategoryTableViewCell.xib */ = {isa = PBXFileReference; lastKnownFileType = file.xib; path = CategoryTableViewCell.xib; sourceTree = "<group>"; };
		D89EAB43287706CE00E9E6BC /* HomeDetailsVC.swift */ = {isa = PBXFileReference; lastKnownFileType = sourcecode.swift; path = HomeDetailsVC.swift; sourceTree = "<group>"; };
		D89EAB452877078700E9E6BC /* ImgTableViewCell.swift */ = {isa = PBXFileReference; lastKnownFileType = sourcecode.swift; path = ImgTableViewCell.swift; sourceTree = "<group>"; };
		D89EAB462877078700E9E6BC /* ImgTableViewCell.xib */ = {isa = PBXFileReference; lastKnownFileType = file.xib; path = ImgTableViewCell.xib; sourceTree = "<group>"; };
		D89EAB4928770A8B00E9E6BC /* tblHomeDetailsCell.swift */ = {isa = PBXFileReference; lastKnownFileType = sourcecode.swift; path = tblHomeDetailsCell.swift; sourceTree = "<group>"; };
		D89EAB4A28770A8B00E9E6BC /* tblHomeDetailsCell.xib */ = {isa = PBXFileReference; lastKnownFileType = file.xib; path = tblHomeDetailsCell.xib; sourceTree = "<group>"; };
		D89EAB4D28770F4800E9E6BC /* tblMenuCell.swift */ = {isa = PBXFileReference; lastKnownFileType = sourcecode.swift; path = tblMenuCell.swift; sourceTree = "<group>"; };
		D89EAB4E28770F4800E9E6BC /* tblMenuCell.xib */ = {isa = PBXFileReference; lastKnownFileType = file.xib; path = tblMenuCell.xib; sourceTree = "<group>"; };
		D89EAB5128770FB500E9E6BC /* HomeMenuCollectionViewCell.swift */ = {isa = PBXFileReference; lastKnownFileType = sourcecode.swift; path = HomeMenuCollectionViewCell.swift; sourceTree = "<group>"; };
		D89EAB5228770FB500E9E6BC /* HomeMenuCollectionViewCell.xib */ = {isa = PBXFileReference; lastKnownFileType = file.xib; path = HomeMenuCollectionViewCell.xib; sourceTree = "<group>"; };
		D89F495528802032003DA4C6 /* FindFriendsVC.swift */ = {isa = PBXFileReference; lastKnownFileType = sourcecode.swift; name = FindFriendsVC.swift; path = "FoodyBites/View Controllers/Follow/FindFriendsVC.swift"; sourceTree = SOURCE_ROOT; };
		D89F495728802355003DA4C6 /* tblFollowCell.swift */ = {isa = PBXFileReference; lastKnownFileType = sourcecode.swift; path = tblFollowCell.swift; sourceTree = "<group>"; };
		D89F495828802355003DA4C6 /* tblFollowCell.xib */ = {isa = PBXFileReference; lastKnownFileType = file.xib; path = tblFollowCell.xib; sourceTree = "<group>"; };
		D89FAE592875948400D8447E /* ExploreTableViewCell.swift */ = {isa = PBXFileReference; lastKnownFileType = sourcecode.swift; path = ExploreTableViewCell.swift; sourceTree = "<group>"; };
		D89FAE5A2875948400D8447E /* ExploreTableViewCell.xib */ = {isa = PBXFileReference; lastKnownFileType = file.xib; path = ExploreTableViewCell.xib; sourceTree = "<group>"; };
		D89FAE5D28759D1600D8447E /* FilterVC.swift */ = {isa = PBXFileReference; lastKnownFileType = sourcecode.swift; path = FilterVC.swift; sourceTree = "<group>"; };
		D89FAE5F2875A49A00D8447E /* FilterCollectionViewCell.swift */ = {isa = PBXFileReference; lastKnownFileType = sourcecode.swift; path = FilterCollectionViewCell.swift; sourceTree = "<group>"; };
		D8AEAB5F2869CF4E00875310 /* HomeOneTableViewCell.swift */ = {isa = PBXFileReference; lastKnownFileType = sourcecode.swift; path = HomeOneTableViewCell.swift; sourceTree = "<group>"; };
		D8AEAB602869CF4E00875310 /* HomeOneTableViewCell.xib */ = {isa = PBXFileReference; lastKnownFileType = file.xib; path = HomeOneTableViewCell.xib; sourceTree = "<group>"; };
		D8AEAB632869D23200875310 /* HomeSecondTableViewCell.swift */ = {isa = PBXFileReference; lastKnownFileType = sourcecode.swift; path = HomeSecondTableViewCell.swift; sourceTree = "<group>"; };
		D8AEAB642869D23200875310 /* HomeSecondTableViewCell.xib */ = {isa = PBXFileReference; lastKnownFileType = file.xib; path = HomeSecondTableViewCell.xib; sourceTree = "<group>"; };
		D8AEAB672869D25B00875310 /* HomeThirdTableViewCell.swift */ = {isa = PBXFileReference; lastKnownFileType = sourcecode.swift; path = HomeThirdTableViewCell.swift; sourceTree = "<group>"; };
		D8AEAB682869D25B00875310 /* HomeThirdTableViewCell.xib */ = {isa = PBXFileReference; lastKnownFileType = file.xib; path = HomeThirdTableViewCell.xib; sourceTree = "<group>"; };
		D8AEAB6B2869E43D00875310 /* HomeHeadingTableViewCell.swift */ = {isa = PBXFileReference; lastKnownFileType = sourcecode.swift; path = HomeHeadingTableViewCell.swift; sourceTree = "<group>"; };
		D8AEAB6C2869E43D00875310 /* HomeHeadingTableViewCell.xib */ = {isa = PBXFileReference; lastKnownFileType = file.xib; path = HomeHeadingTableViewCell.xib; sourceTree = "<group>"; };
		D8B46578286AE1DA0093A6A4 /* TabBarVC.swift */ = {isa = PBXFileReference; lastKnownFileType = sourcecode.swift; path = TabBarVC.swift; sourceTree = "<group>"; };
		D8B4657B286AFB530093A6A4 /* HomeFirstCollectionViewCell.swift */ = {isa = PBXFileReference; lastKnownFileType = sourcecode.swift; path = HomeFirstCollectionViewCell.swift; sourceTree = "<group>"; };
		D8B4657C286AFB530093A6A4 /* HomeFirstCollectionViewCell.xib */ = {isa = PBXFileReference; lastKnownFileType = file.xib; path = HomeFirstCollectionViewCell.xib; sourceTree = "<group>"; };
		D8B46583286B02290093A6A4 /* HomeSecondCollectionViewCell.swift */ = {isa = PBXFileReference; lastKnownFileType = sourcecode.swift; path = HomeSecondCollectionViewCell.swift; sourceTree = "<group>"; };
		D8B46584286B02290093A6A4 /* HomeSecondCollectionViewCell.xib */ = {isa = PBXFileReference; lastKnownFileType = file.xib; path = HomeSecondCollectionViewCell.xib; sourceTree = "<group>"; };
		D8B46587286B0C580093A6A4 /* HomeThirdCollectionViewCell.swift */ = {isa = PBXFileReference; lastKnownFileType = sourcecode.swift; path = HomeThirdCollectionViewCell.swift; sourceTree = "<group>"; };
		D8B46588286B0C580093A6A4 /* HomeThirdCollectionViewCell.xib */ = {isa = PBXFileReference; lastKnownFileType = file.xib; path = HomeThirdCollectionViewCell.xib; sourceTree = "<group>"; };
		D8B8B1C0286AD189006AE1B5 /* JosefinSans-Bold.ttf */ = {isa = PBXFileReference; lastKnownFileType = file; path = "JosefinSans-Bold.ttf"; sourceTree = "<group>"; };
		D8B8B1C1286AD189006AE1B5 /* JosefinSans-SemiBold.ttf */ = {isa = PBXFileReference; lastKnownFileType = file; path = "JosefinSans-SemiBold.ttf"; sourceTree = "<group>"; };
		D8B8B1C5286AD189006AE1B5 /* JosefinSans-Regular.ttf */ = {isa = PBXFileReference; lastKnownFileType = file; path = "JosefinSans-Regular.ttf"; sourceTree = "<group>"; };
		D8B8B1C9286AD189006AE1B5 /* JosefinSans-Medium.ttf */ = {isa = PBXFileReference; lastKnownFileType = file; path = "JosefinSans-Medium.ttf"; sourceTree = "<group>"; };
		D8B8B1DA286AD38D006AE1B5 /* LoginVC.swift */ = {isa = PBXFileReference; lastKnownFileType = sourcecode.swift; name = LoginVC.swift; path = "FoodyBites/View Controllers/InitialScreens/LoginVC.swift"; sourceTree = SOURCE_ROOT; };
		D8B8B1DC286AD410006AE1B5 /* ForgotPasswordVC.swift */ = {isa = PBXFileReference; lastKnownFileType = sourcecode.swift; path = ForgotPasswordVC.swift; sourceTree = "<group>"; };
		D8B8B1DE286AD47E006AE1B5 /* RegisterVC.swift */ = {isa = PBXFileReference; lastKnownFileType = sourcecode.swift; path = RegisterVC.swift; sourceTree = "<group>"; };
		D8B8B1E0286AD4D0006AE1B5 /* WelcomeVC.swift */ = {isa = PBXFileReference; lastKnownFileType = sourcecode.swift; path = WelcomeVC.swift; sourceTree = "<group>"; };
		D8B8B1E3286ADBB0006AE1B5 /* ProfileVC.swift */ = {isa = PBXFileReference; lastKnownFileType = sourcecode.swift; path = ProfileVC.swift; sourceTree = "<group>"; };
		D8C552D728746F7100027AD3 /* ExploreCategoryVC.swift */ = {isa = PBXFileReference; lastKnownFileType = sourcecode.swift; path = ExploreCategoryVC.swift; sourceTree = "<group>"; };
		D8C8FB902872B01F0048EE96 /* ReviewTableViewCell.swift */ = {isa = PBXFileReference; lastKnownFileType = sourcecode.swift; path = ReviewTableViewCell.swift; sourceTree = "<group>"; };
		D8C8FB912872B01F0048EE96 /* ReviewTableViewCell.xib */ = {isa = PBXFileReference; lastKnownFileType = file.xib; path = ReviewTableViewCell.xib; sourceTree = "<group>"; };
		D8C8FB942872C9D70048EE96 /* AddReviewVC.swift */ = {isa = PBXFileReference; lastKnownFileType = sourcecode.swift; path = AddReviewVC.swift; sourceTree = "<group>"; };
		D8C8FB962872CB060048EE96 /* AddReviewTableViewCell.swift */ = {isa = PBXFileReference; lastKnownFileType = sourcecode.swift; path = AddReviewTableViewCell.swift; sourceTree = "<group>"; };
		D8C8FB972872CB060048EE96 /* AddReviewTableViewCell.xib */ = {isa = PBXFileReference; lastKnownFileType = file.xib; path = AddReviewTableViewCell.xib; sourceTree = "<group>"; };
		D8C8FB9A2872D8080048EE96 /* Settings.storyboard */ = {isa = PBXFileReference; lastKnownFileType = file.storyboard; path = Settings.storyboard; sourceTree = "<group>"; };
		D8C8FB9D2872D8630048EE96 /* SettingsVC.swift */ = {isa = PBXFileReference; lastKnownFileType = sourcecode.swift; path = SettingsVC.swift; sourceTree = "<group>"; };
		D8C8FBA02872D8D30048EE96 /* SettingsTableViewCell.swift */ = {isa = PBXFileReference; lastKnownFileType = sourcecode.swift; path = SettingsTableViewCell.swift; sourceTree = "<group>"; };
		D8C8FBA12872D8D30048EE96 /* SettingsTableViewCell.xib */ = {isa = PBXFileReference; lastKnownFileType = file.xib; path = SettingsTableViewCell.xib; sourceTree = "<group>"; };
		D8C8FBA42872F6AA0048EE96 /* ChangePasswordVC.swift */ = {isa = PBXFileReference; lastKnownFileType = sourcecode.swift; path = ChangePasswordVC.swift; sourceTree = "<group>"; };
		D8F2CF0F286D71A50082B5F4 /* Home.storyboard */ = {isa = PBXFileReference; lastKnownFileType = file.storyboard; path = Home.storyboard; sourceTree = "<group>"; };
		D8F2CF11286D87710082B5F4 /* Profile.storyboard */ = {isa = PBXFileReference; lastKnownFileType = file.storyboard; path = Profile.storyboard; sourceTree = "<group>"; };
		D8F2CF14286D88970082B5F4 /* EditProfileViewController.swift */ = {isa = PBXFileReference; lastKnownFileType = sourcecode.swift; path = EditProfileViewController.swift; sourceTree = "<group>"; };
		D8F2CF17286DCD180082B5F4 /* ChangeLanguageVC.swift */ = {isa = PBXFileReference; lastKnownFileType = sourcecode.swift; path = ChangeLanguageVC.swift; sourceTree = "<group>"; };
		D8F2CF1A286DCDAF0082B5F4 /* LanguageTableViewCell.swift */ = {isa = PBXFileReference; lastKnownFileType = sourcecode.swift; path = LanguageTableViewCell.swift; sourceTree = "<group>"; };
		D8F2CF1B286DCDAF0082B5F4 /* LanguageTableViewCell.xib */ = {isa = PBXFileReference; lastKnownFileType = file.xib; path = LanguageTableViewCell.xib; sourceTree = "<group>"; };
/* End PBXFileReference section */

/* Begin PBXFrameworksBuildPhase section */
		D8615A5A2865D5DD0067DD70 /* Frameworks */ = {
			isa = PBXFrameworksBuildPhase;
			buildActionMask = 2147483647;
			files = (
				60937190BC67640BD9F3C109 /* Pods_FoodyBites.framework in Frameworks */,
			);
			runOnlyForDeploymentPostprocessing = 0;
		};
		D8615A702865D5E00067DD70 /* Frameworks */ = {
			isa = PBXFrameworksBuildPhase;
			buildActionMask = 2147483647;
			files = (
				B5D087330397635FD8D3E88A /* Pods_FoodyBitesTests.framework in Frameworks */,
			);
			runOnlyForDeploymentPostprocessing = 0;
		};
		D8615A7A2865D5E00067DD70 /* Frameworks */ = {
			isa = PBXFrameworksBuildPhase;
			buildActionMask = 2147483647;
			files = (
				5C0D3E9FB5CFAF838C1C9062 /* Pods_FoodyBites_FoodyBitesUITests.framework in Frameworks */,
			);
			runOnlyForDeploymentPostprocessing = 0;
		};
/* End PBXFrameworksBuildPhase section */

/* Begin PBXGroup section */
		13319A5292E779EB7A9609B7 /* Frameworks */ = {
			isa = PBXGroup;
			children = (
				6160F139CBF6022485D9476F /* Pods_FoodyBites.framework */,
				17E7AEE143435C7DAE1F213D /* Pods_FoodyBites_FoodyBitesUITests.framework */,
				8E26FB1CC7D183594101751B /* Pods_FoodyBitesTests.framework */,
			);
			name = Frameworks;
			sourceTree = "<group>";
		};
		17BA37E9D75611760BF79096 /* Pods */ = {
			isa = PBXGroup;
			children = (
				6ADE323D12746258FC8372CC /* Pods-FoodyBites.debug.xcconfig */,
				327874F4ABADB9859013E13F /* Pods-FoodyBites.release.xcconfig */,
				549CB65332026B0E761B491E /* Pods-FoodyBites-FoodyBitesUITests.debug.xcconfig */,
				234612F7103EF442876CADF7 /* Pods-FoodyBites-FoodyBitesUITests.release.xcconfig */,
				8DAD6C2C22C9912DA4166AC4 /* Pods-FoodyBitesTests.debug.xcconfig */,
				A41E0DEF157F319360CA61BE /* Pods-FoodyBitesTests.release.xcconfig */,
			);
			path = Pods;
			sourceTree = "<group>";
		};
		D83AE87A28699E20002A69F9 /* View Controllers */ = {
			isa = PBXGroup;
			children = (
				D85A23D7286F214900850807 /* InitialScreens */,
				D8B8B1E2286ADB6D006AE1B5 /* Home */,
				D8F2CF13286D884E0082B5F4 /* EditProfile */,
				D85A23DE286F253A00850807 /* Follow */,
				D85A23E5286F305E00850807 /* Review and Filter */,
				D8C8FB9C2872D8350048EE96 /* Settings */,
				D89E5F352873FCE7000E613E /* Menus and Photos */,
				D89E5F4128743ADD000E613E /* Category */,
			);
			path = "View Controllers";
			sourceTree = "<group>";
		};
		D83AE87B28699E2A002A69F9 /* Storyboards */ = {
			isa = PBXGroup;
			children = (
				D8615A6B2865D5E00067DD70 /* LaunchScreen.storyboard */,
				D8615A662865D5DE0067DD70 /* Main.storyboard */,
				D8F2CF0F286D71A50082B5F4 /* Home.storyboard */,
				D8F2CF11286D87710082B5F4 /* Profile.storyboard */,
				D85A23E1286F271700850807 /* Follow.storyboard */,
				D85A23E3286F302300850807 /* Review_Filter.storyboard */,
				D8C8FB9A2872D8080048EE96 /* Settings.storyboard */,
			);
			path = Storyboards;
			sourceTree = "<group>";
		};
		D83AE87D28699E6F002A69F9 /* Table Cells */ = {
			isa = PBXGroup;
			children = (
				D89E5F4228743BE2000E613E /* CategoryCells */,
				D8C8FB9F2872D89E0048EE96 /* SettingsCells */,
				D8C8FB8F2872AFD00048EE96 /* ReviewCells */,
				D85A23D8286F21E000850807 /* FollowCells */,
				D8F2CF19286DCD880082B5F4 /* LanguageCells */,
				D8B4658B286B18690093A6A4 /* HomeTableCells */,
				D8764EEB286C6D3000AAC92E /* FavouritesCells */,
			);
			path = "Table Cells";
			sourceTree = "<group>";
		};
		D85A23D7286F214900850807 /* InitialScreens */ = {
			isa = PBXGroup;
			children = (
				D8B8B1DA286AD38D006AE1B5 /* LoginVC.swift */,
				D8B8B1DC286AD410006AE1B5 /* ForgotPasswordVC.swift */,
				D8B8B1DE286AD47E006AE1B5 /* RegisterVC.swift */,
				D8B8B1E0286AD4D0006AE1B5 /* WelcomeVC.swift */,
			);
			path = InitialScreens;
			sourceTree = "<group>";
		};
		D85A23D8286F21E000850807 /* FollowCells */ = {
			isa = PBXGroup;
			children = (
				D85A23D9286F221E00850807 /* FollowerTableViewCell.swift */,
				D85A23DA286F221E00850807 /* FollowerTableViewCell.xib */,
				D89F495728802355003DA4C6 /* tblFollowCell.swift */,
				D89F495828802355003DA4C6 /* tblFollowCell.xib */,
			);
			path = FollowCells;
			sourceTree = "<group>";
		};
		D85A23DE286F253A00850807 /* Follow */ = {
			isa = PBXGroup;
			children = (
				D85A23DF286F257300850807 /* FollowVC.swift */,
				D89F495528802032003DA4C6 /* FindFriendsVC.swift */,
			);
			path = Follow;
			sourceTree = "<group>";
		};
		D85A23E5286F305E00850807 /* Review and Filter */ = {
			isa = PBXGroup;
			children = (
				D85A23E6286F308700850807 /* ReviewVC.swift */,
				D89FAE5D28759D1600D8447E /* FilterVC.swift */,
			);
			path = "Review and Filter";
			sourceTree = "<group>";
		};
		D8615A542865D5DD0067DD70 = {
			isa = PBXGroup;
			children = (
				D8615A5F2865D5DD0067DD70 /* FoodyBites */,
				D8615A762865D5E00067DD70 /* FoodyBitesTests */,
				D8615A802865D5E00067DD70 /* FoodyBitesUITests */,
				D8615A5E2865D5DD0067DD70 /* Products */,
				17BA37E9D75611760BF79096 /* Pods */,
				13319A5292E779EB7A9609B7 /* Frameworks */,
			);
			sourceTree = "<group>";
		};
		D8615A5E2865D5DD0067DD70 /* Products */ = {
			isa = PBXGroup;
			children = (
				D8615A5D2865D5DD0067DD70 /* FoodyBites.app */,
				D8615A732865D5E00067DD70 /* FoodyBitesTests.xctest */,
				D8615A7D2865D5E00067DD70 /* FoodyBitesUITests.xctest */,
			);
			name = Products;
			sourceTree = "<group>";
		};
		D8615A5F2865D5DD0067DD70 /* FoodyBites */ = {
			isa = PBXGroup;
			children = (
				D89FAE612875C55A00D8447E /* Views */,
				D8B8B1BC286AC9FE006AE1B5 /* Application Delegates */,
				D83AE87A28699E20002A69F9 /* View Controllers */,
				D8B8B1BB286AC9DA006AE1B5 /* Resources */,
				D8B8B1BD286AD16C006AE1B5 /* App Fonts */,
				D8615A6E2865D5E00067DD70 /* Info.plist */,
				D89D7F7C28817F2200B24D49 /* Extension */,
			);
			path = FoodyBites;
			sourceTree = "<group>";
		};
		D8615A762865D5E00067DD70 /* FoodyBitesTests */ = {
			isa = PBXGroup;
			children = (
				D8615A772865D5E00067DD70 /* FoodyBitesTests.swift */,
			);
			path = FoodyBitesTests;
			sourceTree = "<group>";
		};
		D8615A802865D5E00067DD70 /* FoodyBitesUITests */ = {
			isa = PBXGroup;
			children = (
				D8615A812865D5E00067DD70 /* FoodyBitesUITests.swift */,
				D8615A832865D5E00067DD70 /* FoodyBitesUITestsLaunchTests.swift */,
			);
			path = FoodyBitesUITests;
			sourceTree = "<group>";
		};
		D8764EEB286C6D3000AAC92E /* FavouritesCells */ = {
			isa = PBXGroup;
			children = (
				D8764EEC286C6D5F00AAC92E /* FavouritesTableViewCell.swift */,
				D8764EED286C6D6000AAC92E /* FavouritesTableViewCell.xib */,
			);
			path = FavouritesCells;
			sourceTree = "<group>";
		};
		D89D7F7C28817F2200B24D49 /* Extension */ = {
			isa = PBXGroup;
			children = (
				D89D7F7D28817F5D00B24D49 /* AppExtension.swift */,
			);
			path = Extension;
			sourceTree = "<group>";
		};
		D89E5F352873FCE7000E613E /* Menus and Photos */ = {
			isa = PBXGroup;
			children = (
				D89E5F362873FDC0000E613E /* MenuVC.swift */,
				D89E5F3D28743430000E613E /* PreviewVC.swift */,
			);
			path = "Menus and Photos";
			sourceTree = "<group>";
		};
		D89E5F3A2873FFF2000E613E /* Menu&PhotosCells */ = {
			isa = PBXGroup;
			children = (
				D89E5F3B28740016000E613E /* MenuCollectionViewCell.swift */,
			);
			path = "Menu&PhotosCells";
			sourceTree = "<group>";
		};
		D89E5F4128743ADD000E613E /* Category */ = {
			isa = PBXGroup;
			children = (
				D89E5F3F28743AB5000E613E /* CategoryVC.swift */,
				D8C552D728746F7100027AD3 /* ExploreCategoryVC.swift */,
			);
			path = Category;
			sourceTree = "<group>";
		};
		D89E5F4228743BE2000E613E /* CategoryCells */ = {
			isa = PBXGroup;
			children = (
				D89E5F4328743C4D000E613E /* CategoryTableViewCell.swift */,
				D89E5F4428743C4D000E613E /* CategoryTableViewCell.xib */,
				D89FAE592875948400D8447E /* ExploreTableViewCell.swift */,
				D89FAE5A2875948400D8447E /* ExploreTableViewCell.xib */,
			);
			path = CategoryCells;
			sourceTree = "<group>";
		};
		D89EAB552877126C00E9E6BC /* FilterCells */ = {
			isa = PBXGroup;
			children = (
				D89FAE5F2875A49A00D8447E /* FilterCollectionViewCell.swift */,
			);
			path = FilterCells;
			sourceTree = "<group>";
		};
		D89FAE612875C55A00D8447E /* Views */ = {
			isa = PBXGroup;
			children = (
				D83AE87D28699E6F002A69F9 /* Table Cells */,
				D8B4657A286AFA460093A6A4 /* Collection Cells */,
				D83AE87B28699E2A002A69F9 /* Storyboards */,
			);
			path = Views;
			sourceTree = "<group>";
		};
		D8B4657A286AFA460093A6A4 /* Collection Cells */ = {
			isa = PBXGroup;
			children = (
				D89EAB552877126C00E9E6BC /* FilterCells */,
				D89E5F3A2873FFF2000E613E /* Menu&PhotosCells */,
				D8B4658C286B18900093A6A4 /* HomeCollectionCells */,
			);
			path = "Collection Cells";
			sourceTree = "<group>";
		};
		D8B4658B286B18690093A6A4 /* HomeTableCells */ = {
			isa = PBXGroup;
			children = (
				D83AE87628699E10002A69F9 /* NotificationTableViewCell.swift */,
				D83AE87728699E10002A69F9 /* NotificationTableViewCell.xib */,
				D8AEAB5F2869CF4E00875310 /* HomeOneTableViewCell.swift */,
				D8AEAB602869CF4E00875310 /* HomeOneTableViewCell.xib */,
				D8AEAB632869D23200875310 /* HomeSecondTableViewCell.swift */,
				D8AEAB642869D23200875310 /* HomeSecondTableViewCell.xib */,
				D8AEAB672869D25B00875310 /* HomeThirdTableViewCell.swift */,
				D8AEAB682869D25B00875310 /* HomeThirdTableViewCell.xib */,
				D8AEAB6B2869E43D00875310 /* HomeHeadingTableViewCell.swift */,
				D8AEAB6C2869E43D00875310 /* HomeHeadingTableViewCell.xib */,
				D89EAB452877078700E9E6BC /* ImgTableViewCell.swift */,
				D89EAB462877078700E9E6BC /* ImgTableViewCell.xib */,
				D89EAB4928770A8B00E9E6BC /* tblHomeDetailsCell.swift */,
				D89EAB4A28770A8B00E9E6BC /* tblHomeDetailsCell.xib */,
				D89EAB4D28770F4800E9E6BC /* tblMenuCell.swift */,
				D89EAB4E28770F4800E9E6BC /* tblMenuCell.xib */,
			);
			path = HomeTableCells;
			sourceTree = "<group>";
		};
		D8B4658C286B18900093A6A4 /* HomeCollectionCells */ = {
			isa = PBXGroup;
			children = (
				D89EAB5228770FB500E9E6BC /* HomeMenuCollectionViewCell.xib */,
				D89EAB5128770FB500E9E6BC /* HomeMenuCollectionViewCell.swift */,
				D8B4657B286AFB530093A6A4 /* HomeFirstCollectionViewCell.swift */,
				D8B4657C286AFB530093A6A4 /* HomeFirstCollectionViewCell.xib */,
				D8B46583286B02290093A6A4 /* HomeSecondCollectionViewCell.swift */,
				D8B46584286B02290093A6A4 /* HomeSecondCollectionViewCell.xib */,
				D8B46587286B0C580093A6A4 /* HomeThirdCollectionViewCell.swift */,
				D8B46588286B0C580093A6A4 /* HomeThirdCollectionViewCell.xib */,
			);
			path = HomeCollectionCells;
			sourceTree = "<group>";
		};
		D8B8B1BB286AC9DA006AE1B5 /* Resources */ = {
			isa = PBXGroup;
			children = (
				D8615A692865D5E00067DD70 /* Assets.xcassets */,
			);
			path = Resources;
			sourceTree = "<group>";
		};
		D8B8B1BC286AC9FE006AE1B5 /* Application Delegates */ = {
			isa = PBXGroup;
			children = (
				D8615A602865D5DE0067DD70 /* AppDelegate.swift */,
				D8615A622865D5DE0067DD70 /* SceneDelegate.swift */,
			);
			path = "Application Delegates";
			sourceTree = "<group>";
		};
		D8B8B1BD286AD16C006AE1B5 /* App Fonts */ = {
			isa = PBXGroup;
			children = (
				D8B8B1C0286AD189006AE1B5 /* JosefinSans-Bold.ttf */,
				D8B8B1C9286AD189006AE1B5 /* JosefinSans-Medium.ttf */,
				D8B8B1C5286AD189006AE1B5 /* JosefinSans-Regular.ttf */,
				D8B8B1C1286AD189006AE1B5 /* JosefinSans-SemiBold.ttf */,
			);
			path = "App Fonts";
			sourceTree = "<group>";
		};
		D8B8B1E2286ADB6D006AE1B5 /* Home */ = {
			isa = PBXGroup;
			children = (
				D8B46578286AE1DA0093A6A4 /* TabBarVC.swift */,
				D83AE8802869ADBD002A69F9 /* HomeVC.swift */,
				D83AE87E2869ADB0002A69F9 /* NotificationVC.swift */,
				D83AE8842869AE3F002A69F9 /* FavouritesVC.swift */,
				D8B8B1E3286ADBB0006AE1B5 /* ProfileVC.swift */,
				D8C8FB942872C9D70048EE96 /* AddReviewVC.swift */,
				D89EAB43287706CE00E9E6BC /* HomeDetailsVC.swift */,
				D89BA348287E9B0200D30681 /* TrendingRestaurantVC.swift */,
			);
			path = Home;
			sourceTree = "<group>";
		};
		D8C8FB8F2872AFD00048EE96 /* ReviewCells */ = {
			isa = PBXGroup;
			children = (
				D8C8FB902872B01F0048EE96 /* ReviewTableViewCell.swift */,
				D8C8FB912872B01F0048EE96 /* ReviewTableViewCell.xib */,
				D8C8FB962872CB060048EE96 /* AddReviewTableViewCell.swift */,
				D8C8FB972872CB060048EE96 /* AddReviewTableViewCell.xib */,
			);
			path = ReviewCells;
			sourceTree = "<group>";
		};
		D8C8FB9C2872D8350048EE96 /* Settings */ = {
			isa = PBXGroup;
			children = (
				D8C8FB9D2872D8630048EE96 /* SettingsVC.swift */,
				D8C8FBA42872F6AA0048EE96 /* ChangePasswordVC.swift */,
				D8F2CF17286DCD180082B5F4 /* ChangeLanguageVC.swift */,
			);
			path = Settings;
			sourceTree = "<group>";
		};
		D8C8FB9F2872D89E0048EE96 /* SettingsCells */ = {
			isa = PBXGroup;
			children = (
				D8C8FBA02872D8D30048EE96 /* SettingsTableViewCell.swift */,
				D8C8FBA12872D8D30048EE96 /* SettingsTableViewCell.xib */,
			);
			path = SettingsCells;
			sourceTree = "<group>";
		};
		D8F2CF13286D884E0082B5F4 /* EditProfile */ = {
			isa = PBXGroup;
			children = (
				D8F2CF14286D88970082B5F4 /* EditProfileViewController.swift */,
			);
			path = EditProfile;
			sourceTree = "<group>";
		};
		D8F2CF19286DCD880082B5F4 /* LanguageCells */ = {
			isa = PBXGroup;
			children = (
				D8F2CF1A286DCDAF0082B5F4 /* LanguageTableViewCell.swift */,
				D8F2CF1B286DCDAF0082B5F4 /* LanguageTableViewCell.xib */,
			);
			path = LanguageCells;
			sourceTree = "<group>";
		};
/* End PBXGroup section */

/* Begin PBXNativeTarget section */
		D8615A5C2865D5DD0067DD70 /* FoodyBites */ = {
			isa = PBXNativeTarget;
			buildConfigurationList = D8615A872865D5E00067DD70 /* Build configuration list for PBXNativeTarget "FoodyBites" */;
			buildPhases = (
				E4769A8D9AD68283BB9A1C51 /* [CP] Check Pods Manifest.lock */,
				D8615A592865D5DD0067DD70 /* Sources */,
				D8615A5A2865D5DD0067DD70 /* Frameworks */,
				D8615A5B2865D5DD0067DD70 /* Resources */,
				C41E39E99870E47BC71F4591 /* [CP] Embed Pods Frameworks */,
			);
			buildRules = (
			);
			dependencies = (
			);
			name = FoodyBites;
			productName = FoodyBites;
			productReference = D8615A5D2865D5DD0067DD70 /* FoodyBites.app */;
			productType = "com.apple.product-type.application";
		};
		D8615A722865D5E00067DD70 /* FoodyBitesTests */ = {
			isa = PBXNativeTarget;
			buildConfigurationList = D8615A8A2865D5E00067DD70 /* Build configuration list for PBXNativeTarget "FoodyBitesTests" */;
			buildPhases = (
				4F39B0617EAF2A53337FBC92 /* [CP] Check Pods Manifest.lock */,
				D8615A6F2865D5E00067DD70 /* Sources */,
				D8615A702865D5E00067DD70 /* Frameworks */,
				D8615A712865D5E00067DD70 /* Resources */,
			);
			buildRules = (
			);
			dependencies = (
				D8615A752865D5E00067DD70 /* PBXTargetDependency */,
			);
			name = FoodyBitesTests;
			productName = FoodyBitesTests;
			productReference = D8615A732865D5E00067DD70 /* FoodyBitesTests.xctest */;
			productType = "com.apple.product-type.bundle.unit-test";
		};
		D8615A7C2865D5E00067DD70 /* FoodyBitesUITests */ = {
			isa = PBXNativeTarget;
			buildConfigurationList = D8615A8D2865D5E00067DD70 /* Build configuration list for PBXNativeTarget "FoodyBitesUITests" */;
			buildPhases = (
				9E65179BF8A943424725F824 /* [CP] Check Pods Manifest.lock */,
				D8615A792865D5E00067DD70 /* Sources */,
				D8615A7A2865D5E00067DD70 /* Frameworks */,
				D8615A7B2865D5E00067DD70 /* Resources */,
				E941872500E3BF58ADDA3040 /* [CP] Embed Pods Frameworks */,
			);
			buildRules = (
			);
			dependencies = (
				D8615A7F2865D5E00067DD70 /* PBXTargetDependency */,
			);
			name = FoodyBitesUITests;
			productName = FoodyBitesUITests;
			productReference = D8615A7D2865D5E00067DD70 /* FoodyBitesUITests.xctest */;
			productType = "com.apple.product-type.bundle.ui-testing";
		};
/* End PBXNativeTarget section */

/* Begin PBXProject section */
		D8615A552865D5DD0067DD70 /* Project object */ = {
			isa = PBXProject;
			attributes = {
				BuildIndependentTargetsInParallel = 1;
				LastSwiftUpdateCheck = 1320;
				LastUpgradeCheck = 1320;
				TargetAttributes = {
					D8615A5C2865D5DD0067DD70 = {
						CreatedOnToolsVersion = 13.2.1;
					};
					D8615A722865D5E00067DD70 = {
						CreatedOnToolsVersion = 13.2.1;
						TestTargetID = D8615A5C2865D5DD0067DD70;
					};
					D8615A7C2865D5E00067DD70 = {
						CreatedOnToolsVersion = 13.2.1;
						TestTargetID = D8615A5C2865D5DD0067DD70;
					};
				};
			};
			buildConfigurationList = D8615A582865D5DD0067DD70 /* Build configuration list for PBXProject "FoodyBites" */;
			compatibilityVersion = "Xcode 13.0";
			developmentRegion = en;
			hasScannedForEncodings = 0;
			knownRegions = (
				en,
				Base,
			);
			mainGroup = D8615A542865D5DD0067DD70;
			productRefGroup = D8615A5E2865D5DD0067DD70 /* Products */;
			projectDirPath = "";
			projectRoot = "";
			targets = (
				D8615A5C2865D5DD0067DD70 /* FoodyBites */,
				D8615A722865D5E00067DD70 /* FoodyBitesTests */,
				D8615A7C2865D5E00067DD70 /* FoodyBitesUITests */,
			);
		};
/* End PBXProject section */

/* Begin PBXResourcesBuildPhase section */
		D8615A5B2865D5DD0067DD70 /* Resources */ = {
			isa = PBXResourcesBuildPhase;
			buildActionMask = 2147483647;
			files = (
				D8C8FB932872B01F0048EE96 /* ReviewTableViewCell.xib in Resources */,
				D89F495A28802355003DA4C6 /* tblFollowCell.xib in Resources */,
				D8F2CF1D286DCDAF0082B5F4 /* LanguageTableViewCell.xib in Resources */,
				D89EAB482877078700E9E6BC /* ImgTableViewCell.xib in Resources */,
				D8AEAB662869D23200875310 /* HomeSecondTableViewCell.xib in Resources */,
				D8B46586286B02290093A6A4 /* HomeSecondCollectionViewCell.xib in Resources */,
				D8AEAB6E2869E43D00875310 /* HomeHeadingTableViewCell.xib in Resources */,
				D8B8B1D3286AD189006AE1B5 /* JosefinSans-Regular.ttf in Resources */,
				D89EAB4C28770A8C00E9E6BC /* tblHomeDetailsCell.xib in Resources */,
				D8AEAB622869CF4E00875310 /* HomeOneTableViewCell.xib in Resources */,
				D83AE87928699E10002A69F9 /* NotificationTableViewCell.xib in Resources */,
				D85A23E4286F302300850807 /* Review_Filter.storyboard in Resources */,
				D8B8B1CE286AD189006AE1B5 /* JosefinSans-Bold.ttf in Resources */,
				D89E5F4628743C4D000E613E /* CategoryTableViewCell.xib in Resources */,
				D8615A6D2865D5E00067DD70 /* LaunchScreen.storyboard in Resources */,
				D8C8FB9B2872D8080048EE96 /* Settings.storyboard in Resources */,
				D8B8B1D7286AD189006AE1B5 /* JosefinSans-Medium.ttf in Resources */,
				D8F2CF10286D71A50082B5F4 /* Home.storyboard in Resources */,
				D8B8B1CF286AD189006AE1B5 /* JosefinSans-SemiBold.ttf in Resources */,
				D89FAE5C2875948400D8447E /* ExploreTableViewCell.xib in Resources */,
				D8AEAB6A2869D25B00875310 /* HomeThirdTableViewCell.xib in Resources */,
				D85A23DC286F221F00850807 /* FollowerTableViewCell.xib in Resources */,
				D8615A6A2865D5E00067DD70 /* Assets.xcassets in Resources */,
				D8C8FB992872CB060048EE96 /* AddReviewTableViewCell.xib in Resources */,
				D8B4658A286B0C580093A6A4 /* HomeThirdCollectionViewCell.xib in Resources */,
				D8615A682865D5DE0067DD70 /* Main.storyboard in Resources */,
				D89EAB5428770FB500E9E6BC /* HomeMenuCollectionViewCell.xib in Resources */,
				D89EAB5028770F4900E9E6BC /* tblMenuCell.xib in Resources */,
				D85A23E2286F271700850807 /* Follow.storyboard in Resources */,
				D8B4657E286AFB530093A6A4 /* HomeFirstCollectionViewCell.xib in Resources */,
				D8F2CF12286D87710082B5F4 /* Profile.storyboard in Resources */,
				D8764EEF286C6D6000AAC92E /* FavouritesTableViewCell.xib in Resources */,
				D8C8FBA32872D8D30048EE96 /* SettingsTableViewCell.xib in Resources */,
			);
			runOnlyForDeploymentPostprocessing = 0;
		};
		D8615A712865D5E00067DD70 /* Resources */ = {
			isa = PBXResourcesBuildPhase;
			buildActionMask = 2147483647;
			files = (
			);
			runOnlyForDeploymentPostprocessing = 0;
		};
		D8615A7B2865D5E00067DD70 /* Resources */ = {
			isa = PBXResourcesBuildPhase;
			buildActionMask = 2147483647;
			files = (
			);
			runOnlyForDeploymentPostprocessing = 0;
		};
/* End PBXResourcesBuildPhase section */

/* Begin PBXShellScriptBuildPhase section */
		4F39B0617EAF2A53337FBC92 /* [CP] Check Pods Manifest.lock */ = {
			isa = PBXShellScriptBuildPhase;
			buildActionMask = 2147483647;
			files = (
			);
			inputFileListPaths = (
			);
			inputPaths = (
				"${PODS_PODFILE_DIR_PATH}/Podfile.lock",
				"${PODS_ROOT}/Manifest.lock",
			);
			name = "[CP] Check Pods Manifest.lock";
			outputFileListPaths = (
			);
			outputPaths = (
				"$(DERIVED_FILE_DIR)/Pods-FoodyBitesTests-checkManifestLockResult.txt",
			);
			runOnlyForDeploymentPostprocessing = 0;
			shellPath = /bin/sh;
			shellScript = "diff \"${PODS_PODFILE_DIR_PATH}/Podfile.lock\" \"${PODS_ROOT}/Manifest.lock\" > /dev/null\nif [ $? != 0 ] ; then\n    # print error to STDERR\n    echo \"error: The sandbox is not in sync with the Podfile.lock. Run 'pod install' or update your CocoaPods installation.\" >&2\n    exit 1\nfi\n# This output is used by Xcode 'outputs' to avoid re-running this script phase.\necho \"SUCCESS\" > \"${SCRIPT_OUTPUT_FILE_0}\"\n";
			showEnvVarsInLog = 0;
		};
		9E65179BF8A943424725F824 /* [CP] Check Pods Manifest.lock */ = {
			isa = PBXShellScriptBuildPhase;
			buildActionMask = 2147483647;
			files = (
			);
			inputFileListPaths = (
			);
			inputPaths = (
				"${PODS_PODFILE_DIR_PATH}/Podfile.lock",
				"${PODS_ROOT}/Manifest.lock",
			);
			name = "[CP] Check Pods Manifest.lock";
			outputFileListPaths = (
			);
			outputPaths = (
				"$(DERIVED_FILE_DIR)/Pods-FoodyBites-FoodyBitesUITests-checkManifestLockResult.txt",
			);
			runOnlyForDeploymentPostprocessing = 0;
			shellPath = /bin/sh;
			shellScript = "diff \"${PODS_PODFILE_DIR_PATH}/Podfile.lock\" \"${PODS_ROOT}/Manifest.lock\" > /dev/null\nif [ $? != 0 ] ; then\n    # print error to STDERR\n    echo \"error: The sandbox is not in sync with the Podfile.lock. Run 'pod install' or update your CocoaPods installation.\" >&2\n    exit 1\nfi\n# This output is used by Xcode 'outputs' to avoid re-running this script phase.\necho \"SUCCESS\" > \"${SCRIPT_OUTPUT_FILE_0}\"\n";
			showEnvVarsInLog = 0;
		};
		C41E39E99870E47BC71F4591 /* [CP] Embed Pods Frameworks */ = {
			isa = PBXShellScriptBuildPhase;
			buildActionMask = 2147483647;
			files = (
			);
			inputFileListPaths = (
				"${PODS_ROOT}/Target Support Files/Pods-FoodyBites/Pods-FoodyBites-frameworks-${CONFIGURATION}-input-files.xcfilelist",
			);
			name = "[CP] Embed Pods Frameworks";
			outputFileListPaths = (
				"${PODS_ROOT}/Target Support Files/Pods-FoodyBites/Pods-FoodyBites-frameworks-${CONFIGURATION}-output-files.xcfilelist",
			);
			runOnlyForDeploymentPostprocessing = 0;
			shellPath = /bin/sh;
			shellScript = "\"${PODS_ROOT}/Target Support Files/Pods-FoodyBites/Pods-FoodyBites-frameworks.sh\"\n";
			showEnvVarsInLog = 0;
		};
		E4769A8D9AD68283BB9A1C51 /* [CP] Check Pods Manifest.lock */ = {
			isa = PBXShellScriptBuildPhase;
			buildActionMask = 2147483647;
			files = (
			);
			inputFileListPaths = (
			);
			inputPaths = (
				"${PODS_PODFILE_DIR_PATH}/Podfile.lock",
				"${PODS_ROOT}/Manifest.lock",
			);
			name = "[CP] Check Pods Manifest.lock";
			outputFileListPaths = (
			);
			outputPaths = (
				"$(DERIVED_FILE_DIR)/Pods-FoodyBites-checkManifestLockResult.txt",
			);
			runOnlyForDeploymentPostprocessing = 0;
			shellPath = /bin/sh;
			shellScript = "diff \"${PODS_PODFILE_DIR_PATH}/Podfile.lock\" \"${PODS_ROOT}/Manifest.lock\" > /dev/null\nif [ $? != 0 ] ; then\n    # print error to STDERR\n    echo \"error: The sandbox is not in sync with the Podfile.lock. Run 'pod install' or update your CocoaPods installation.\" >&2\n    exit 1\nfi\n# This output is used by Xcode 'outputs' to avoid re-running this script phase.\necho \"SUCCESS\" > \"${SCRIPT_OUTPUT_FILE_0}\"\n";
			showEnvVarsInLog = 0;
		};
		E941872500E3BF58ADDA3040 /* [CP] Embed Pods Frameworks */ = {
			isa = PBXShellScriptBuildPhase;
			buildActionMask = 2147483647;
			files = (
			);
			inputFileListPaths = (
				"${PODS_ROOT}/Target Support Files/Pods-FoodyBites-FoodyBitesUITests/Pods-FoodyBites-FoodyBitesUITests-frameworks-${CONFIGURATION}-input-files.xcfilelist",
			);
			name = "[CP] Embed Pods Frameworks";
			outputFileListPaths = (
				"${PODS_ROOT}/Target Support Files/Pods-FoodyBites-FoodyBitesUITests/Pods-FoodyBites-FoodyBitesUITests-frameworks-${CONFIGURATION}-output-files.xcfilelist",
			);
			runOnlyForDeploymentPostprocessing = 0;
			shellPath = /bin/sh;
			shellScript = "\"${PODS_ROOT}/Target Support Files/Pods-FoodyBites-FoodyBitesUITests/Pods-FoodyBites-FoodyBitesUITests-frameworks.sh\"\n";
			showEnvVarsInLog = 0;
		};
/* End PBXShellScriptBuildPhase section */

/* Begin PBXSourcesBuildPhase section */
		D8615A592865D5DD0067DD70 /* Sources */ = {
			isa = PBXSourcesBuildPhase;
			buildActionMask = 2147483647;
			files = (
				D89FAE5E28759D1600D8447E /* FilterVC.swift in Sources */,
				D8B8B1DB286AD38D006AE1B5 /* LoginVC.swift in Sources */,
				D89EAB4F28770F4900E9E6BC /* tblMenuCell.swift in Sources */,
				D89D7F7E28817F5E00B24D49 /* AppExtension.swift in Sources */,
				D8AEAB6D2869E43D00875310 /* HomeHeadingTableViewCell.swift in Sources */,
				D85A23E0286F257300850807 /* FollowVC.swift in Sources */,
				D89EAB472877078700E9E6BC /* ImgTableViewCell.swift in Sources */,
				D8C8FBA52872F6AA0048EE96 /* ChangePasswordVC.swift in Sources */,
				D89F495928802355003DA4C6 /* tblFollowCell.swift in Sources */,
				D8C8FBA22872D8D30048EE96 /* SettingsTableViewCell.swift in Sources */,
				D8F2CF18286DCD180082B5F4 /* ChangeLanguageVC.swift in Sources */,
				D83AE87828699E10002A69F9 /* NotificationTableViewCell.swift in Sources */,
				D8B8B1E4286ADBB0006AE1B5 /* ProfileVC.swift in Sources */,
				D89BA349287E9B0200D30681 /* TrendingRestaurantVC.swift in Sources */,
				D8B46589286B0C580093A6A4 /* HomeThirdCollectionViewCell.swift in Sources */,
				D89E5F3C28740016000E613E /* MenuCollectionViewCell.swift in Sources */,
				D8AEAB692869D25B00875310 /* HomeThirdTableViewCell.swift in Sources */,
				D8C8FB952872C9D70048EE96 /* AddReviewVC.swift in Sources */,
				D8764EEE286C6D6000AAC92E /* FavouritesTableViewCell.swift in Sources */,
				D89EAB44287706CF00E9E6BC /* HomeDetailsVC.swift in Sources */,
				D8AEAB652869D23200875310 /* HomeSecondTableViewCell.swift in Sources */,
				D89F495628802032003DA4C6 /* FindFriendsVC.swift in Sources */,
				D8B46585286B02290093A6A4 /* HomeSecondCollectionViewCell.swift in Sources */,
				D83AE8812869ADBD002A69F9 /* HomeVC.swift in Sources */,
				D85A23DB286F221F00850807 /* FollowerTableViewCell.swift in Sources */,
				D89EAB4B28770A8C00E9E6BC /* tblHomeDetailsCell.swift in Sources */,
				D89EAB5328770FB500E9E6BC /* HomeMenuCollectionViewCell.swift in Sources */,
				D8C8FB982872CB060048EE96 /* AddReviewTableViewCell.swift in Sources */,
				D89FAE5B2875948400D8447E /* ExploreTableViewCell.swift in Sources */,
				D8C552D828746F7100027AD3 /* ExploreCategoryVC.swift in Sources */,
				D89E5F372873FDC0000E613E /* MenuVC.swift in Sources */,
				D83AE87F2869ADB0002A69F9 /* NotificationVC.swift in Sources */,
				D8B46579286AE1DA0093A6A4 /* TabBarVC.swift in Sources */,
				D8B8B1DD286AD411006AE1B5 /* ForgotPasswordVC.swift in Sources */,
				D89E5F3E28743430000E613E /* PreviewVC.swift in Sources */,
				D8C8FB922872B01F0048EE96 /* ReviewTableViewCell.swift in Sources */,
				D8B8B1DF286AD47E006AE1B5 /* RegisterVC.swift in Sources */,
				D8615A612865D5DE0067DD70 /* AppDelegate.swift in Sources */,
				D8AEAB612869CF4E00875310 /* HomeOneTableViewCell.swift in Sources */,
				D8B4657D286AFB530093A6A4 /* HomeFirstCollectionViewCell.swift in Sources */,
				D8F2CF1C286DCDAF0082B5F4 /* LanguageTableViewCell.swift in Sources */,
				D89E5F4528743C4D000E613E /* CategoryTableViewCell.swift in Sources */,
				D83AE8852869AE3F002A69F9 /* FavouritesVC.swift in Sources */,
				D89E5F4028743AB5000E613E /* CategoryVC.swift in Sources */,
				D89FAE602875A49A00D8447E /* FilterCollectionViewCell.swift in Sources */,
				D8615A632865D5DE0067DD70 /* SceneDelegate.swift in Sources */,
				D8B8B1E1286AD4D0006AE1B5 /* WelcomeVC.swift in Sources */,
				D85A23E7286F308700850807 /* ReviewVC.swift in Sources */,
				D8F2CF15286D88970082B5F4 /* EditProfileViewController.swift in Sources */,
				D8C8FB9E2872D8630048EE96 /* SettingsVC.swift in Sources */,
			);
			runOnlyForDeploymentPostprocessing = 0;
		};
		D8615A6F2865D5E00067DD70 /* Sources */ = {
			isa = PBXSourcesBuildPhase;
			buildActionMask = 2147483647;
			files = (
				D8615A782865D5E00067DD70 /* FoodyBitesTests.swift in Sources */,
			);
			runOnlyForDeploymentPostprocessing = 0;
		};
		D8615A792865D5E00067DD70 /* Sources */ = {
			isa = PBXSourcesBuildPhase;
			buildActionMask = 2147483647;
			files = (
				D8615A842865D5E00067DD70 /* FoodyBitesUITestsLaunchTests.swift in Sources */,
				D8615A822865D5E00067DD70 /* FoodyBitesUITests.swift in Sources */,
			);
			runOnlyForDeploymentPostprocessing = 0;
		};
/* End PBXSourcesBuildPhase section */

/* Begin PBXTargetDependency section */
		D8615A752865D5E00067DD70 /* PBXTargetDependency */ = {
			isa = PBXTargetDependency;
			target = D8615A5C2865D5DD0067DD70 /* FoodyBites */;
			targetProxy = D8615A742865D5E00067DD70 /* PBXContainerItemProxy */;
		};
		D8615A7F2865D5E00067DD70 /* PBXTargetDependency */ = {
			isa = PBXTargetDependency;
			target = D8615A5C2865D5DD0067DD70 /* FoodyBites */;
			targetProxy = D8615A7E2865D5E00067DD70 /* PBXContainerItemProxy */;
		};
/* End PBXTargetDependency section */

/* Begin PBXVariantGroup section */
		D8615A662865D5DE0067DD70 /* Main.storyboard */ = {
			isa = PBXVariantGroup;
			children = (
				D8615A672865D5DE0067DD70 /* Base */,
			);
			name = Main.storyboard;
			sourceTree = "<group>";
		};
		D8615A6B2865D5E00067DD70 /* LaunchScreen.storyboard */ = {
			isa = PBXVariantGroup;
			children = (
				D8615A6C2865D5E00067DD70 /* Base */,
			);
			name = LaunchScreen.storyboard;
			sourceTree = "<group>";
		};
/* End PBXVariantGroup section */

/* Begin XCBuildConfiguration section */
		D8615A852865D5E00067DD70 /* Debug */ = {
			isa = XCBuildConfiguration;
			buildSettings = {
				ALWAYS_SEARCH_USER_PATHS = NO;
				CLANG_ANALYZER_NONNULL = YES;
				CLANG_ANALYZER_NUMBER_OBJECT_CONVERSION = YES_AGGRESSIVE;
				CLANG_CXX_LANGUAGE_STANDARD = "gnu++17";
				CLANG_CXX_LIBRARY = "libc++";
				CLANG_ENABLE_MODULES = YES;
				CLANG_ENABLE_OBJC_ARC = YES;
				CLANG_ENABLE_OBJC_WEAK = YES;
				CLANG_WARN_BLOCK_CAPTURE_AUTORELEASING = YES;
				CLANG_WARN_BOOL_CONVERSION = YES;
				CLANG_WARN_COMMA = YES;
				CLANG_WARN_CONSTANT_CONVERSION = YES;
				CLANG_WARN_DEPRECATED_OBJC_IMPLEMENTATIONS = YES;
				CLANG_WARN_DIRECT_OBJC_ISA_USAGE = YES_ERROR;
				CLANG_WARN_DOCUMENTATION_COMMENTS = YES;
				CLANG_WARN_EMPTY_BODY = YES;
				CLANG_WARN_ENUM_CONVERSION = YES;
				CLANG_WARN_INFINITE_RECURSION = YES;
				CLANG_WARN_INT_CONVERSION = YES;
				CLANG_WARN_NON_LITERAL_NULL_CONVERSION = YES;
				CLANG_WARN_OBJC_IMPLICIT_RETAIN_SELF = YES;
				CLANG_WARN_OBJC_LITERAL_CONVERSION = YES;
				CLANG_WARN_OBJC_ROOT_CLASS = YES_ERROR;
				CLANG_WARN_QUOTED_INCLUDE_IN_FRAMEWORK_HEADER = YES;
				CLANG_WARN_RANGE_LOOP_ANALYSIS = YES;
				CLANG_WARN_STRICT_PROTOTYPES = YES;
				CLANG_WARN_SUSPICIOUS_MOVE = YES;
				CLANG_WARN_UNGUARDED_AVAILABILITY = YES_AGGRESSIVE;
				CLANG_WARN_UNREACHABLE_CODE = YES;
				CLANG_WARN__DUPLICATE_METHOD_MATCH = YES;
				COPY_PHASE_STRIP = NO;
				DEBUG_INFORMATION_FORMAT = dwarf;
				ENABLE_STRICT_OBJC_MSGSEND = YES;
				ENABLE_TESTABILITY = YES;
				EXCLUDED_ARCHS = "";
				GCC_C_LANGUAGE_STANDARD = gnu11;
				GCC_DYNAMIC_NO_PIC = NO;
				GCC_NO_COMMON_BLOCKS = YES;
				GCC_OPTIMIZATION_LEVEL = 0;
				GCC_PREPROCESSOR_DEFINITIONS = (
					"DEBUG=1",
					"$(inherited)",
				);
				GCC_WARN_64_TO_32_BIT_CONVERSION = YES;
				GCC_WARN_ABOUT_RETURN_TYPE = YES_ERROR;
				GCC_WARN_UNDECLARED_SELECTOR = YES;
				GCC_WARN_UNINITIALIZED_AUTOS = YES_AGGRESSIVE;
				GCC_WARN_UNUSED_FUNCTION = YES;
				GCC_WARN_UNUSED_VARIABLE = YES;
				IPHONEOS_DEPLOYMENT_TARGET = 15.2;
				MTL_ENABLE_DEBUG_INFO = INCLUDE_SOURCE;
				MTL_FAST_MATH = YES;
				ONLY_ACTIVE_ARCH = YES;
				SDKROOT = iphoneos;
				SWIFT_ACTIVE_COMPILATION_CONDITIONS = DEBUG;
				SWIFT_OPTIMIZATION_LEVEL = "-Onone";
			};
			name = Debug;
		};
		D8615A862865D5E00067DD70 /* Release */ = {
			isa = XCBuildConfiguration;
			buildSettings = {
				ALWAYS_SEARCH_USER_PATHS = NO;
				CLANG_ANALYZER_NONNULL = YES;
				CLANG_ANALYZER_NUMBER_OBJECT_CONVERSION = YES_AGGRESSIVE;
				CLANG_CXX_LANGUAGE_STANDARD = "gnu++17";
				CLANG_CXX_LIBRARY = "libc++";
				CLANG_ENABLE_MODULES = YES;
				CLANG_ENABLE_OBJC_ARC = YES;
				CLANG_ENABLE_OBJC_WEAK = YES;
				CLANG_WARN_BLOCK_CAPTURE_AUTORELEASING = YES;
				CLANG_WARN_BOOL_CONVERSION = YES;
				CLANG_WARN_COMMA = YES;
				CLANG_WARN_CONSTANT_CONVERSION = YES;
				CLANG_WARN_DEPRECATED_OBJC_IMPLEMENTATIONS = YES;
				CLANG_WARN_DIRECT_OBJC_ISA_USAGE = YES_ERROR;
				CLANG_WARN_DOCUMENTATION_COMMENTS = YES;
				CLANG_WARN_EMPTY_BODY = YES;
				CLANG_WARN_ENUM_CONVERSION = YES;
				CLANG_WARN_INFINITE_RECURSION = YES;
				CLANG_WARN_INT_CONVERSION = YES;
				CLANG_WARN_NON_LITERAL_NULL_CONVERSION = YES;
				CLANG_WARN_OBJC_IMPLICIT_RETAIN_SELF = YES;
				CLANG_WARN_OBJC_LITERAL_CONVERSION = YES;
				CLANG_WARN_OBJC_ROOT_CLASS = YES_ERROR;
				CLANG_WARN_QUOTED_INCLUDE_IN_FRAMEWORK_HEADER = YES;
				CLANG_WARN_RANGE_LOOP_ANALYSIS = YES;
				CLANG_WARN_STRICT_PROTOTYPES = YES;
				CLANG_WARN_SUSPICIOUS_MOVE = YES;
				CLANG_WARN_UNGUARDED_AVAILABILITY = YES_AGGRESSIVE;
				CLANG_WARN_UNREACHABLE_CODE = YES;
				CLANG_WARN__DUPLICATE_METHOD_MATCH = YES;
				COPY_PHASE_STRIP = NO;
				DEBUG_INFORMATION_FORMAT = "dwarf-with-dsym";
				ENABLE_NS_ASSERTIONS = NO;
				ENABLE_STRICT_OBJC_MSGSEND = YES;
				EXCLUDED_ARCHS = "";
				GCC_C_LANGUAGE_STANDARD = gnu11;
				GCC_NO_COMMON_BLOCKS = YES;
				GCC_WARN_64_TO_32_BIT_CONVERSION = YES;
				GCC_WARN_ABOUT_RETURN_TYPE = YES_ERROR;
				GCC_WARN_UNDECLARED_SELECTOR = YES;
				GCC_WARN_UNINITIALIZED_AUTOS = YES_AGGRESSIVE;
				GCC_WARN_UNUSED_FUNCTION = YES;
				GCC_WARN_UNUSED_VARIABLE = YES;
				IPHONEOS_DEPLOYMENT_TARGET = 15.2;
				MTL_ENABLE_DEBUG_INFO = NO;
				MTL_FAST_MATH = YES;
				SDKROOT = iphoneos;
				SWIFT_COMPILATION_MODE = wholemodule;
				SWIFT_OPTIMIZATION_LEVEL = "-O";
				VALIDATE_PRODUCT = YES;
			};
			name = Release;
		};
		D8615A882865D5E00067DD70 /* Debug */ = {
			isa = XCBuildConfiguration;
			baseConfigurationReference = 6ADE323D12746258FC8372CC /* Pods-FoodyBites.debug.xcconfig */;
			buildSettings = {
				ASSETCATALOG_COMPILER_APPICON_NAME = AppIcon;
				ASSETCATALOG_COMPILER_GLOBAL_ACCENT_COLOR_NAME = AccentColor;
				CODE_SIGN_STYLE = Automatic;
				CURRENT_PROJECT_VERSION = 1;
				DEVELOPMENT_TEAM = JLW935Y7W3;
				GENERATE_INFOPLIST_FILE = YES;
				INFOPLIST_FILE = FoodyBites/Info.plist;
				INFOPLIST_KEY_UIApplicationSupportsIndirectInputEvents = YES;
				INFOPLIST_KEY_UILaunchStoryboardName = LaunchScreen;
				INFOPLIST_KEY_UIMainStoryboardFile = Main;
				INFOPLIST_KEY_UISupportedInterfaceOrientations_iPad = "UIInterfaceOrientationPortrait UIInterfaceOrientationPortraitUpsideDown UIInterfaceOrientationLandscapeLeft UIInterfaceOrientationLandscapeRight";
				INFOPLIST_KEY_UISupportedInterfaceOrientations_iPhone = "UIInterfaceOrientationPortrait UIInterfaceOrientationLandscapeLeft UIInterfaceOrientationLandscapeRight";
				LD_RUNPATH_SEARCH_PATHS = (
					"$(inherited)",
					"@executable_path/Frameworks",
				);
				MARKETING_VERSION = 1.0;
				PRODUCT_BUNDLE_IDENTIFIER = zobiwebsolutions.FoodyBites;
				PRODUCT_NAME = "$(TARGET_NAME)";
				SWIFT_EMIT_LOC_STRINGS = YES;
				SWIFT_VERSION = 5.0;
				TARGETED_DEVICE_FAMILY = "1,2";
			};
			name = Debug;
		};
		D8615A892865D5E00067DD70 /* Release */ = {
			isa = XCBuildConfiguration;
			baseConfigurationReference = 327874F4ABADB9859013E13F /* Pods-FoodyBites.release.xcconfig */;
			buildSettings = {
				ASSETCATALOG_COMPILER_APPICON_NAME = AppIcon;
				ASSETCATALOG_COMPILER_GLOBAL_ACCENT_COLOR_NAME = AccentColor;
				CODE_SIGN_STYLE = Automatic;
				CURRENT_PROJECT_VERSION = 1;
				DEVELOPMENT_TEAM = JLW935Y7W3;
				GENERATE_INFOPLIST_FILE = YES;
				INFOPLIST_FILE = FoodyBites/Info.plist;
				INFOPLIST_KEY_UIApplicationSupportsIndirectInputEvents = YES;
				INFOPLIST_KEY_UILaunchStoryboardName = LaunchScreen;
				INFOPLIST_KEY_UIMainStoryboardFile = Main;
				INFOPLIST_KEY_UISupportedInterfaceOrientations_iPad = "UIInterfaceOrientationPortrait UIInterfaceOrientationPortraitUpsideDown UIInterfaceOrientationLandscapeLeft UIInterfaceOrientationLandscapeRight";
				INFOPLIST_KEY_UISupportedInterfaceOrientations_iPhone = "UIInterfaceOrientationPortrait UIInterfaceOrientationLandscapeLeft UIInterfaceOrientationLandscapeRight";
				LD_RUNPATH_SEARCH_PATHS = (
					"$(inherited)",
					"@executable_path/Frameworks",
				);
				MARKETING_VERSION = 1.0;
				PRODUCT_BUNDLE_IDENTIFIER = zobiwebsolutions.FoodyBites;
				PRODUCT_NAME = "$(TARGET_NAME)";
				SWIFT_EMIT_LOC_STRINGS = YES;
				SWIFT_VERSION = 5.0;
				TARGETED_DEVICE_FAMILY = "1,2";
			};
			name = Release;
		};
		D8615A8B2865D5E00067DD70 /* Debug */ = {
			isa = XCBuildConfiguration;
			baseConfigurationReference = 8DAD6C2C22C9912DA4166AC4 /* Pods-FoodyBitesTests.debug.xcconfig */;
			buildSettings = {
				ALWAYS_EMBED_SWIFT_STANDARD_LIBRARIES = YES;
				BUNDLE_LOADER = "$(TEST_HOST)";
				CODE_SIGN_STYLE = Automatic;
				CURRENT_PROJECT_VERSION = 1;
				DEVELOPMENT_TEAM = JLW935Y7W3;
				GENERATE_INFOPLIST_FILE = YES;
				IPHONEOS_DEPLOYMENT_TARGET = 15.2;
				MARKETING_VERSION = 1.0;
				PRODUCT_BUNDLE_IDENTIFIER = zobiwebsolutions.FoodyBitesTests;
				PRODUCT_NAME = "$(TARGET_NAME)";
				SWIFT_EMIT_LOC_STRINGS = NO;
				SWIFT_VERSION = 5.0;
				TARGETED_DEVICE_FAMILY = "1,2";
				TEST_HOST = "$(BUILT_PRODUCTS_DIR)/FoodyBites.app/FoodyBites";
			};
			name = Debug;
		};
		D8615A8C2865D5E00067DD70 /* Release */ = {
			isa = XCBuildConfiguration;
			baseConfigurationReference = A41E0DEF157F319360CA61BE /* Pods-FoodyBitesTests.release.xcconfig */;
			buildSettings = {
				ALWAYS_EMBED_SWIFT_STANDARD_LIBRARIES = YES;
				BUNDLE_LOADER = "$(TEST_HOST)";
				CODE_SIGN_STYLE = Automatic;
				CURRENT_PROJECT_VERSION = 1;
				DEVELOPMENT_TEAM = JLW935Y7W3;
				GENERATE_INFOPLIST_FILE = YES;
				IPHONEOS_DEPLOYMENT_TARGET = 15.2;
				MARKETING_VERSION = 1.0;
				PRODUCT_BUNDLE_IDENTIFIER = zobiwebsolutions.FoodyBitesTests;
				PRODUCT_NAME = "$(TARGET_NAME)";
				SWIFT_EMIT_LOC_STRINGS = NO;
				SWIFT_VERSION = 5.0;
				TARGETED_DEVICE_FAMILY = "1,2";
				TEST_HOST = "$(BUILT_PRODUCTS_DIR)/FoodyBites.app/FoodyBites";
			};
			name = Release;
		};
		D8615A8E2865D5E00067DD70 /* Debug */ = {
			isa = XCBuildConfiguration;
			baseConfigurationReference = 549CB65332026B0E761B491E /* Pods-FoodyBites-FoodyBitesUITests.debug.xcconfig */;
			buildSettings = {
				ALWAYS_EMBED_SWIFT_STANDARD_LIBRARIES = YES;
				CODE_SIGN_STYLE = Automatic;
				CURRENT_PROJECT_VERSION = 1;
				DEVELOPMENT_TEAM = JLW935Y7W3;
				GENERATE_INFOPLIST_FILE = YES;
				MARKETING_VERSION = 1.0;
				PRODUCT_BUNDLE_IDENTIFIER = zobiwebsolutions.FoodyBitesUITests;
				PRODUCT_NAME = "$(TARGET_NAME)";
				SWIFT_EMIT_LOC_STRINGS = NO;
				SWIFT_VERSION = 5.0;
				TARGETED_DEVICE_FAMILY = "1,2";
				TEST_TARGET_NAME = FoodyBites;
			};
			name = Debug;
		};
		D8615A8F2865D5E00067DD70 /* Release */ = {
			isa = XCBuildConfiguration;
			baseConfigurationReference = 234612F7103EF442876CADF7 /* Pods-FoodyBites-FoodyBitesUITests.release.xcconfig */;
			buildSettings = {
				ALWAYS_EMBED_SWIFT_STANDARD_LIBRARIES = YES;
				CODE_SIGN_STYLE = Automatic;
				CURRENT_PROJECT_VERSION = 1;
				DEVELOPMENT_TEAM = JLW935Y7W3;
				GENERATE_INFOPLIST_FILE = YES;
				MARKETING_VERSION = 1.0;
				PRODUCT_BUNDLE_IDENTIFIER = zobiwebsolutions.FoodyBitesUITests;
				PRODUCT_NAME = "$(TARGET_NAME)";
				SWIFT_EMIT_LOC_STRINGS = NO;
				SWIFT_VERSION = 5.0;
				TARGETED_DEVICE_FAMILY = "1,2";
				TEST_TARGET_NAME = FoodyBites;
			};
			name = Release;
		};
/* End XCBuildConfiguration section */

/* Begin XCConfigurationList section */
		D8615A582865D5DD0067DD70 /* Build configuration list for PBXProject "FoodyBites" */ = {
			isa = XCConfigurationList;
			buildConfigurations = (
				D8615A852865D5E00067DD70 /* Debug */,
				D8615A862865D5E00067DD70 /* Release */,
			);
			defaultConfigurationIsVisible = 0;
			defaultConfigurationName = Release;
		};
		D8615A872865D5E00067DD70 /* Build configuration list for PBXNativeTarget "FoodyBites" */ = {
			isa = XCConfigurationList;
			buildConfigurations = (
				D8615A882865D5E00067DD70 /* Debug */,
				D8615A892865D5E00067DD70 /* Release */,
			);
			defaultConfigurationIsVisible = 0;
			defaultConfigurationName = Release;
		};
		D8615A8A2865D5E00067DD70 /* Build configuration list for PBXNativeTarget "FoodyBitesTests" */ = {
			isa = XCConfigurationList;
			buildConfigurations = (
				D8615A8B2865D5E00067DD70 /* Debug */,
				D8615A8C2865D5E00067DD70 /* Release */,
			);
			defaultConfigurationIsVisible = 0;
			defaultConfigurationName = Release;
		};
		D8615A8D2865D5E00067DD70 /* Build configuration list for PBXNativeTarget "FoodyBitesUITests" */ = {
			isa = XCConfigurationList;
			buildConfigurations = (
				D8615A8E2865D5E00067DD70 /* Debug */,
				D8615A8F2865D5E00067DD70 /* Release */,
			);
			defaultConfigurationIsVisible = 0;
			defaultConfigurationName = Release;
		};
/* End XCConfigurationList section */
	};
	rootObject = D8615A552865D5DD0067DD70 /* Project object */;
}
